// !$*UTF8*$!
{
	archiveVersion = 1;
	classes = {
	};
	objectVersion = 56;
	objects = {

/* Begin PBXBuildFile section */
		4EC64D462BBC47D40062FA53 /* ThirdAppApp.swift in Sources */ = {isa = PBXBuildFile; fileRef = 4EC64D452BBC47D40062FA53 /* ThirdAppApp.swift */; };
		4EC64D482BBC47D40062FA53 /* ContentView.swift in Sources */ = {isa = PBXBuildFile; fileRef = 4EC64D472BBC47D40062FA53 /* ContentView.swift */; };
		4EC64D4A2BBC47D50062FA53 /* Assets.xcassets in Resources */ = {isa = PBXBuildFile; fileRef = 4EC64D492BBC47D50062FA53 /* Assets.xcassets */; };
		4EC64D4D2BBC47D50062FA53 /* Preview Assets.xcassets in Resources */ = {isa = PBXBuildFile; fileRef = 4EC64D4C2BBC47D50062FA53 /* Preview Assets.xcassets */; };
		4EC64D572BBC47D50062FA53 /* ThirdAppTests.swift in Sources */ = {isa = PBXBuildFile; fileRef = 4EC64D562BBC47D50062FA53 /* ThirdAppTests.swift */; };
		4EC64D612BBC47D50062FA53 /* ThirdAppUITests.swift in Sources */ = {isa = PBXBuildFile; fileRef = 4EC64D602BBC47D50062FA53 /* ThirdAppUITests.swift */; };
		4EC64D632BBC47D50062FA53 /* ThirdAppUITestsLaunchTests.swift in Sources */ = {isa = PBXBuildFile; fileRef = 4EC64D622BBC47D50062FA53 /* ThirdAppUITestsLaunchTests.swift */; };
		4EC64D702BBC53AF0062FA53 /* NextView.swift in Sources */ = {isa = PBXBuildFile; fileRef = 4EC64D6F2BBC53AF0062FA53 /* NextView.swift */; };
/* End PBXBuildFile section */

/* Begin PBXContainerItemProxy section */
		4EC64D532BBC47D50062FA53 /* PBXContainerItemProxy */ = {
			isa = PBXContainerItemProxy;
			containerPortal = 4EC64D3A2BBC47D40062FA53 /* Project object */;
			proxyType = 1;
			remoteGlobalIDString = 4EC64D412BBC47D40062FA53;
			remoteInfo = ThirdApp;
		};
		4EC64D5D2BBC47D50062FA53 /* PBXContainerItemProxy */ = {
			isa = PBXContainerItemProxy;
			containerPortal = 4EC64D3A2BBC47D40062FA53 /* Project object */;
			proxyType = 1;
			remoteGlobalIDString = 4EC64D412BBC47D40062FA53;
			remoteInfo = ThirdApp;
		};
/* End PBXContainerItemProxy section */

/* Begin PBXFileReference section */
		4EC64D422BBC47D40062FA53 /* ThirdApp.app */ = {isa = PBXFileReference; explicitFileType = wrapper.application; includeInIndex = 0; path = ThirdApp.app; sourceTree = BUILT_PRODUCTS_DIR; };
		4EC64D452BBC47D40062FA53 /* ThirdAppApp.swift */ = {isa = PBXFileReference; lastKnownFileType = sourcecode.swift; path = ThirdAppApp.swift; sourceTree = "<group>"; };
		4EC64D472BBC47D40062FA53 /* ContentView.swift */ = {isa = PBXFileReference; lastKnownFileType = sourcecode.swift; path = ContentView.swift; sourceTree = "<group>"; };
		4EC64D492BBC47D50062FA53 /* Assets.xcassets */ = {isa = PBXFileReference; lastKnownFileType = folder.assetcatalog; path = Assets.xcassets; sourceTree = "<group>"; };
		4EC64D4C2BBC47D50062FA53 /* Preview Assets.xcassets */ = {isa = PBXFileReference; lastKnownFileType = folder.assetcatalog; path = "Preview Assets.xcassets"; sourceTree = "<group>"; };
		4EC64D522BBC47D50062FA53 /* ThirdAppTests.xctest */ = {isa = PBXFileReference; explicitFileType = wrapper.cfbundle; includeInIndex = 0; path = ThirdAppTests.xctest; sourceTree = BUILT_PRODUCTS_DIR; };
		4EC64D562BBC47D50062FA53 /* ThirdAppTests.swift */ = {isa = PBXFileReference; lastKnownFileType = sourcecode.swift; path = ThirdAppTests.swift; sourceTree = "<group>"; };
		4EC64D5C2BBC47D50062FA53 /* ThirdAppUITests.xctest */ = {isa = PBXFileReference; explicitFileType = wrapper.cfbundle; includeInIndex = 0; path = ThirdAppUITests.xctest; sourceTree = BUILT_PRODUCTS_DIR; };
		4EC64D602BBC47D50062FA53 /* ThirdAppUITests.swift */ = {isa = PBXFileReference; lastKnownFileType = sourcecode.swift; path = ThirdAppUITests.swift; sourceTree = "<group>"; };
		4EC64D622BBC47D50062FA53 /* ThirdAppUITestsLaunchTests.swift */ = {isa = PBXFileReference; lastKnownFileType = sourcecode.swift; path = ThirdAppUITestsLaunchTests.swift; sourceTree = "<group>"; };
		4EC64D6F2BBC53AF0062FA53 /* NextView.swift */ = {isa = PBXFileReference; lastKnownFileType = sourcecode.swift; path = NextView.swift; sourceTree = "<group>"; };
/* End PBXFileReference section */

/* Begin PBXFrameworksBuildPhase section */
		4EC64D3F2BBC47D40062FA53 /* Frameworks */ = {
			isa = PBXFrameworksBuildPhase;
			buildActionMask = 2147483647;
			files = (
			);
			runOnlyForDeploymentPostprocessing = 0;
		};
		4EC64D4F2BBC47D50062FA53 /* Frameworks */ = {
			isa = PBXFrameworksBuildPhase;
			buildActionMask = 2147483647;
			files = (
			);
			runOnlyForDeploymentPostprocessing = 0;
		};
		4EC64D592BBC47D50062FA53 /* Frameworks */ = {
			isa = PBXFrameworksBuildPhase;
			buildActionMask = 2147483647;
			files = (
			);
			runOnlyForDeploymentPostprocessing = 0;
		};
/* End PBXFrameworksBuildPhase section */

/* Begin PBXGroup section */
		4EC64D392BBC47D40062FA53 = {
			isa = PBXGroup;
			children = (
				4EC64D442BBC47D40062FA53 /* ThirdApp */,
				4EC64D552BBC47D50062FA53 /* ThirdAppTests */,
				4EC64D5F2BBC47D50062FA53 /* ThirdAppUITests */,
				4EC64D432BBC47D40062FA53 /* Products */,
			);
			sourceTree = "<group>";
		};
		4EC64D432BBC47D40062FA53 /* Products */ = {
			isa = PBXGroup;
			children = (
				4EC64D422BBC47D40062FA53 /* ThirdApp.app */,
				4EC64D522BBC47D50062FA53 /* ThirdAppTests.xctest */,
				4EC64D5C2BBC47D50062FA53 /* ThirdAppUITests.xctest */,
			);
			name = Products;
			sourceTree = "<group>";
		};
		4EC64D442BBC47D40062FA53 /* ThirdApp */ = {
			isa = PBXGroup;
			children = (
				4EC64D452BBC47D40062FA53 /* ThirdAppApp.swift */,
				4EC64D472BBC47D40062FA53 /* ContentView.swift */,
				4EC64D6F2BBC53AF0062FA53 /* NextView.swift */,
				4EC64D492BBC47D50062FA53 /* Assets.xcassets */,
				4EC64D4B2BBC47D50062FA53 /* Preview Content */,
			);
			path = ThirdApp;
			sourceTree = "<group>";
		};
		4EC64D4B2BBC47D50062FA53 /* Preview Content */ = {
			isa = PBXGroup;
			children = (
				4EC64D4C2BBC47D50062FA53 /* Preview Assets.xcassets */,
			);
			path = "Preview Content";
			sourceTree = "<group>";
		};
		4EC64D552BBC47D50062FA53 /* ThirdAppTests */ = {
			isa = PBXGroup;
			children = (
				4EC64D562BBC47D50062FA53 /* ThirdAppTests.swift */,
			);
			path = ThirdAppTests;
			sourceTree = "<group>";
		};
		4EC64D5F2BBC47D50062FA53 /* ThirdAppUITests */ = {
			isa = PBXGroup;
			children = (
				4EC64D602BBC47D50062FA53 /* ThirdAppUITests.swift */,
				4EC64D622BBC47D50062FA53 /* ThirdAppUITestsLaunchTests.swift */,
			);
			path = ThirdAppUITests;
			sourceTree = "<group>";
		};
/* End PBXGroup section */

/* Begin PBXNativeTarget section */
		4EC64D412BBC47D40062FA53 /* ThirdApp */ = {
			isa = PBXNativeTarget;
			buildConfigurationList = 4EC64D662BBC47D50062FA53 /* Build configuration list for PBXNativeTarget "ThirdApp" */;
			buildPhases = (
				4EC64D3E2BBC47D40062FA53 /* Sources */,
				4EC64D3F2BBC47D40062FA53 /* Frameworks */,
				4EC64D402BBC47D40062FA53 /* Resources */,
			);
			buildRules = (
			);
			dependencies = (
			);
			name = ThirdApp;
			productName = ThirdApp;
			productReference = 4EC64D422BBC47D40062FA53 /* ThirdApp.app */;
			productType = "com.apple.product-type.application";
		};
		4EC64D512BBC47D50062FA53 /* ThirdAppTests */ = {
			isa = PBXNativeTarget;
			buildConfigurationList = 4EC64D692BBC47D50062FA53 /* Build configuration list for PBXNativeTarget "ThirdAppTests" */;
			buildPhases = (
				4EC64D4E2BBC47D50062FA53 /* Sources */,
				4EC64D4F2BBC47D50062FA53 /* Frameworks */,
				4EC64D502BBC47D50062FA53 /* Resources */,
			);
			buildRules = (
			);
			dependencies = (
				4EC64D542BBC47D50062FA53 /* PBXTargetDependency */,
			);
			name = ThirdAppTests;
			productName = ThirdAppTests;
			productReference = 4EC64D522BBC47D50062FA53 /* ThirdAppTests.xctest */;
			productType = "com.apple.product-type.bundle.unit-test";
		};
		4EC64D5B2BBC47D50062FA53 /* ThirdAppUITests */ = {
			isa = PBXNativeTarget;
			buildConfigurationList = 4EC64D6C2BBC47D50062FA53 /* Build configuration list for PBXNativeTarget "ThirdAppUITests" */;
			buildPhases = (
				4EC64D582BBC47D50062FA53 /* Sources */,
				4EC64D592BBC47D50062FA53 /* Frameworks */,
				4EC64D5A2BBC47D50062FA53 /* Resources */,
			);
			buildRules = (
			);
			dependencies = (
				4EC64D5E2BBC47D50062FA53 /* PBXTargetDependency */,
			);
			name = ThirdAppUITests;
			productName = ThirdAppUITests;
			productReference = 4EC64D5C2BBC47D50062FA53 /* ThirdAppUITests.xctest */;
			productType = "com.apple.product-type.bundle.ui-testing";
		};
/* End PBXNativeTarget section */

/* Begin PBXProject section */
		4EC64D3A2BBC47D40062FA53 /* Project object */ = {
			isa = PBXProject;
			attributes = {
				BuildIndependentTargetsInParallel = 1;
				LastSwiftUpdateCheck = 1530;
				LastUpgradeCheck = 1530;
				TargetAttributes = {
					4EC64D412BBC47D40062FA53 = {
						CreatedOnToolsVersion = 15.3;
					};
					4EC64D512BBC47D50062FA53 = {
						CreatedOnToolsVersion = 15.3;
						TestTargetID = 4EC64D412BBC47D40062FA53;
					};
					4EC64D5B2BBC47D50062FA53 = {
						CreatedOnToolsVersion = 15.3;
						TestTargetID = 4EC64D412BBC47D40062FA53;
					};
				};
			};
			buildConfigurationList = 4EC64D3D2BBC47D40062FA53 /* Build configuration list for PBXProject "ThirdApp" */;
			compatibilityVersion = "Xcode 14.0";
			developmentRegion = en;
			hasScannedForEncodings = 0;
			knownRegions = (
				en,
				Base,
			);
			mainGroup = 4EC64D392BBC47D40062FA53;
			productRefGroup = 4EC64D432BBC47D40062FA53 /* Products */;
			projectDirPath = "";
			projectRoot = "";
			targets = (
				4EC64D412BBC47D40062FA53 /* ThirdApp */,
				4EC64D512BBC47D50062FA53 /* ThirdAppTests */,
				4EC64D5B2BBC47D50062FA53 /* ThirdAppUITests */,
			);
		};
/* End PBXProject section */

/* Begin PBXResourcesBuildPhase section */
		4EC64D402BBC47D40062FA53 /* Resources */ = {
			isa = PBXResourcesBuildPhase;
			buildActionMask = 2147483647;
			files = (
				4EC64D4D2BBC47D50062FA53 /* Preview Assets.xcassets in Resources */,
				4EC64D4A2BBC47D50062FA53 /* Assets.xcassets in Resources */,
			);
			runOnlyForDeploymentPostprocessing = 0;
		};
		4EC64D502BBC47D50062FA53 /* Resources */ = {
			isa = PBXResourcesBuildPhase;
			buildActionMask = 2147483647;
			files = (
			);
			runOnlyForDeploymentPostprocessing = 0;
		};
		4EC64D5A2BBC47D50062FA53 /* Resources */ = {
			isa = PBXResourcesBuildPhase;
			buildActionMask = 2147483647;
			files = (
			);
			runOnlyForDeploymentPostprocessing = 0;
		};
/* End PBXResourcesBuildPhase section */

/* Begin PBXSourcesBuildPhase section */
		4EC64D3E2BBC47D40062FA53 /* Sources */ = {
			isa = PBXSourcesBuildPhase;
			buildActionMask = 2147483647;
			files = (
				4EC64D482BBC47D40062FA53 /* ContentView.swift in Sources */,
				4EC64D462BBC47D40062FA53 /* ThirdAppApp.swift in Sources */,
				4EC64D702BBC53AF0062FA53 /* NextView.swift in Sources */,
			);
			runOnlyForDeploymentPostprocessing = 0;
		};
		4EC64D4E2BBC47D50062FA53 /* Sources */ = {
			isa = PBXSourcesBuildPhase;
			buildActionMask = 2147483647;
			files = (
				4EC64D572BBC47D50062FA53 /* ThirdAppTests.swift in Sources */,
			);
			runOnlyForDeploymentPostprocessing = 0;
		};
		4EC64D582BBC47D50062FA53 /* Sources */ = {
			isa = PBXSourcesBuildPhase;
			buildActionMask = 2147483647;
			files = (
				4EC64D632BBC47D50062FA53 /* ThirdAppUITestsLaunchTests.swift in Sources */,
				4EC64D612BBC47D50062FA53 /* ThirdAppUITests.swift in Sources */,
			);
			runOnlyForDeploymentPostprocessing = 0;
		};
/* End PBXSourcesBuildPhase section */

/* Begin PBXTargetDependency section */
		4EC64D542BBC47D50062FA53 /* PBXTargetDependency */ = {
			isa = PBXTargetDependency;
			target = 4EC64D412BBC47D40062FA53 /* ThirdApp */;
			targetProxy = 4EC64D532BBC47D50062FA53 /* PBXContainerItemProxy */;
		};
		4EC64D5E2BBC47D50062FA53 /* PBXTargetDependency */ = {
			isa = PBXTargetDependency;
			target = 4EC64D412BBC47D40062FA53 /* ThirdApp */;
			targetProxy = 4EC64D5D2BBC47D50062FA53 /* PBXContainerItemProxy */;
		};
/* End PBXTargetDependency section */

/* Begin XCBuildConfiguration section */
		4EC64D642BBC47D50062FA53 /* Debug */ = {
			isa = XCBuildConfiguration;
			buildSettings = {
				ALWAYS_SEARCH_USER_PATHS = NO;
				ASSETCATALOG_COMPILER_GENERATE_SWIFT_ASSET_SYMBOL_EXTENSIONS = YES;
				CLANG_ANALYZER_NONNULL = YES;
				CLANG_ANALYZER_NUMBER_OBJECT_CONVERSION = YES_AGGRESSIVE;
				CLANG_CXX_LANGUAGE_STANDARD = "gnu++20";
				CLANG_ENABLE_MODULES = YES;
				CLANG_ENABLE_OBJC_ARC = YES;
				CLANG_ENABLE_OBJC_WEAK = YES;
				CLANG_WARN_BLOCK_CAPTURE_AUTORELEASING = YES;
				CLANG_WARN_BOOL_CONVERSION = YES;
				CLANG_WARN_COMMA = YES;
				CLANG_WARN_CONSTANT_CONVERSION = YES;
				CLANG_WARN_DEPRECATED_OBJC_IMPLEMENTATIONS = YES;
				CLANG_WARN_DIRECT_OBJC_ISA_USAGE = YES_ERROR;
				CLANG_WARN_DOCUMENTATION_COMMENTS = YES;
				CLANG_WARN_EMPTY_BODY = YES;
				CLANG_WARN_ENUM_CONVERSION = YES;
				CLANG_WARN_INFINITE_RECURSION = YES;
				CLANG_WARN_INT_CONVERSION = YES;
				CLANG_WARN_NON_LITERAL_NULL_CONVERSION = YES;
				CLANG_WARN_OBJC_IMPLICIT_RETAIN_SELF = YES;
				CLANG_WARN_OBJC_LITERAL_CONVERSION = YES;
				CLANG_WARN_OBJC_ROOT_CLASS = YES_ERROR;
				CLANG_WARN_QUOTED_INCLUDE_IN_FRAMEWORK_HEADER = YES;
				CLANG_WARN_RANGE_LOOP_ANALYSIS = YES;
				CLANG_WARN_STRICT_PROTOTYPES = YES;
				CLANG_WARN_SUSPICIOUS_MOVE = YES;
				CLANG_WARN_UNGUARDED_AVAILABILITY = YES_AGGRESSIVE;
				CLANG_WARN_UNREACHABLE_CODE = YES;
				CLANG_WARN__DUPLICATE_METHOD_MATCH = YES;
				COPY_PHASE_STRIP = NO;
				DEBUG_INFORMATION_FORMAT = dwarf;
				ENABLE_STRICT_OBJC_MSGSEND = YES;
				ENABLE_TESTABILITY = YES;
				ENABLE_USER_SCRIPT_SANDBOXING = YES;
				GCC_C_LANGUAGE_STANDARD = gnu17;
				GCC_DYNAMIC_NO_PIC = NO;
				GCC_NO_COMMON_BLOCKS = YES;
				GCC_OPTIMIZATION_LEVEL = 0;
				GCC_PREPROCESSOR_DEFINITIONS = (
					"DEBUG=1",
					"$(inherited)",
				);
				GCC_WARN_64_TO_32_BIT_CONVERSION = YES;
				GCC_WARN_ABOUT_RETURN_TYPE = YES_ERROR;
				GCC_WARN_UNDECLARED_SELECTOR = YES;
				GCC_WARN_UNINITIALIZED_AUTOS = YES_AGGRESSIVE;
				GCC_WARN_UNUSED_FUNCTION = YES;
				GCC_WARN_UNUSED_VARIABLE = YES;
				IPHONEOS_DEPLOYMENT_TARGET = 17.4;
				LOCALIZATION_PREFERS_STRING_CATALOGS = YES;
				MTL_ENABLE_DEBUG_INFO = INCLUDE_SOURCE;
				MTL_FAST_MATH = YES;
				ONLY_ACTIVE_ARCH = YES;
				SDKROOT = iphoneos;
				SWIFT_ACTIVE_COMPILATION_CONDITIONS = "DEBUG $(inherited)";
				SWIFT_OPTIMIZATION_LEVEL = "-Onone";
			};
			name = Debug;
		};
		4EC64D652BBC47D50062FA53 /* Release */ = {
			isa = XCBuildConfiguration;
			buildSettings = {
				ALWAYS_SEARCH_USER_PATHS = NO;
				ASSETCATALOG_COMPILER_GENERATE_SWIFT_ASSET_SYMBOL_EXTENSIONS = YES;
				CLANG_ANALYZER_NONNULL = YES;
				CLANG_ANALYZER_NUMBER_OBJECT_CONVERSION = YES_AGGRESSIVE;
				CLANG_CXX_LANGUAGE_STANDARD = "gnu++20";
				CLANG_ENABLE_MODULES = YES;
				CLANG_ENABLE_OBJC_ARC = YES;
				CLANG_ENABLE_OBJC_WEAK = YES;
				CLANG_WARN_BLOCK_CAPTURE_AUTORELEASING = YES;
				CLANG_WARN_BOOL_CONVERSION = YES;
				CLANG_WARN_COMMA = YES;
				CLANG_WARN_CONSTANT_CONVERSION = YES;
				CLANG_WARN_DEPRECATED_OBJC_IMPLEMENTATIONS = YES;
				CLANG_WARN_DIRECT_OBJC_ISA_USAGE = YES_ERROR;
				CLANG_WARN_DOCUMENTATION_COMMENTS = YES;
				CLANG_WARN_EMPTY_BODY = YES;
				CLANG_WARN_ENUM_CONVERSION = YES;
				CLANG_WARN_INFINITE_RECURSION = YES;
				CLANG_WARN_INT_CONVERSION = YES;
				CLANG_WARN_NON_LITERAL_NULL_CONVERSION = YES;
				CLANG_WARN_OBJC_IMPLICIT_RETAIN_SELF = YES;
				CLANG_WARN_OBJC_LITERAL_CONVERSION = YES;
				CLANG_WARN_OBJC_ROOT_CLASS = YES_ERROR;
				CLANG_WARN_QUOTED_INCLUDE_IN_FRAMEWORK_HEADER = YES;
				CLANG_WARN_RANGE_LOOP_ANALYSIS = YES;
				CLANG_WARN_STRICT_PROTOTYPES = YES;
				CLANG_WARN_SUSPICIOUS_MOVE = YES;
				CLANG_WARN_UNGUARDED_AVAILABILITY = YES_AGGRESSIVE;
				CLANG_WARN_UNREACHABLE_CODE = YES;
				CLANG_WARN__DUPLICATE_METHOD_MATCH = YES;
				COPY_PHASE_STRIP = NO;
				DEBUG_INFORMATION_FORMAT = "dwarf-with-dsym";
				ENABLE_NS_ASSERTIONS = NO;
				ENABLE_STRICT_OBJC_MSGSEND = YES;
				ENABLE_USER_SCRIPT_SANDBOXING = YES;
				GCC_C_LANGUAGE_STANDARD = gnu17;
				GCC_NO_COMMON_BLOCKS = YES;
				GCC_WARN_64_TO_32_BIT_CONVERSION = YES;
				GCC_WARN_ABOUT_RETURN_TYPE = YES_ERROR;
				GCC_WARN_UNDECLARED_SELECTOR = YES;
				GCC_WARN_UNINITIALIZED_AUTOS = YES_AGGRESSIVE;
				GCC_WARN_UNUSED_FUNCTION = YES;
				GCC_WARN_UNUSED_VARIABLE = YES;
				IPHONEOS_DEPLOYMENT_TARGET = 17.4;
				LOCALIZATION_PREFERS_STRING_CATALOGS = YES;
				MTL_ENABLE_DEBUG_INFO = NO;
				MTL_FAST_MATH = YES;
				SDKROOT = iphoneos;
				SWIFT_COMPILATION_MODE = wholemodule;
				VALIDATE_PRODUCT = YES;
			};
			name = Release;
		};
		4EC64D672BBC47D50062FA53 /* Debug */ = {
			isa = XCBuildConfiguration;
			buildSettings = {
				ASSETCATALOG_COMPILER_APPICON_NAME = AppIcon;
				ASSETCATALOG_COMPILER_GLOBAL_ACCENT_COLOR_NAME = AccentColor;
				CODE_SIGN_STYLE = Automatic;
				CURRENT_PROJECT_VERSION = 1;
				DEVELOPMENT_ASSET_PATHS = "\"ThirdApp/Preview Content\"";
				ENABLE_PREVIEWS = YES;
				GENERATE_INFOPLIST_FILE = YES;
				INFOPLIST_KEY_UIApplicationSceneManifest_Generation = YES;
				INFOPLIST_KEY_UIApplicationSupportsIndirectInputEvents = YES;
				INFOPLIST_KEY_UILaunchScreen_Generation = YES;
				INFOPLIST_KEY_UISupportedInterfaceOrientations_iPad = "UIInterfaceOrientationPortrait UIInterfaceOrientationPortraitUpsideDown UIInterfaceOrientationLandscapeLeft UIInterfaceOrientationLandscapeRight";
				INFOPLIST_KEY_UISupportedInterfaceOrientations_iPhone = "UIInterfaceOrientationPortrait UIInterfaceOrientationLandscapeLeft UIInterfaceOrientationLandscapeRight";
				LD_RUNPATH_SEARCH_PATHS = (
					"$(inherited)",
					"@executable_path/Frameworks",
				);
				MARKETING_VERSION = 1.0;
				PRODUCT_BUNDLE_IDENTIFIER = hyunhee.ThirdApp;
				PRODUCT_NAME = "$(TARGET_NAME)";
				SWIFT_EMIT_LOC_STRINGS = YES;
				SWIFT_VERSION = 5.0;
				TARGETED_DEVICE_FAMILY = "1,2";
			};
			name = Debug;
		};
		4EC64D682BBC47D50062FA53 /* Release */ = {
			isa = XCBuildConfiguration;
			buildSettings = {
				ASSETCATALOG_COMPILER_APPICON_NAME = AppIcon;
				ASSETCATALOG_COMPILER_GLOBAL_ACCENT_COLOR_NAME = AccentColor;
				CODE_SIGN_STYLE = Automatic;
				CURRENT_PROJECT_VERSION = 1;
				DEVELOPMENT_ASSET_PATHS = "\"ThirdApp/Preview Content\"";
				ENABLE_PREVIEWS = YES;
				GENERATE_INFOPLIST_FILE = YES;
				INFOPLIST_KEY_UIApplicationSceneManifest_Generation = YES;
				INFOPLIST_KEY_UIApplicationSupportsIndirectInputEvents = YES;
				INFOPLIST_KEY_UILaunchScreen_Generation = YES;
				INFOPLIST_KEY_UISupportedInterfaceOrientations_iPad = "UIInterfaceOrientationPortrait UIInterfaceOrientationPortraitUpsideDown UIInterfaceOrientationLandscapeLeft UIInterfaceOrientationLandscapeRight";
				INFOPLIST_KEY_UISupportedInterfaceOrientations_iPhone = "UIInterfaceOrientationPortrait UIInterfaceOrientationLandscapeLeft UIInterfaceOrientationLandscapeRight";
				LD_RUNPATH_SEARCH_PATHS = (
					"$(inherited)",
					"@executable_path/Frameworks",
				);
				MARKETING_VERSION = 1.0;
				PRODUCT_BUNDLE_IDENTIFIER = hyunhee.ThirdApp;
				PRODUCT_NAME = "$(TARGET_NAME)";
				SWIFT_EMIT_LOC_STRINGS = YES;
				SWIFT_VERSION = 5.0;
				TARGETED_DEVICE_FAMILY = "1,2";
			};
			name = Release;
		};
		4EC64D6A2BBC47D50062FA53 /* Debug */ = {
			isa = XCBuildConfiguration;
			buildSettings = {
				ALWAYS_EMBED_SWIFT_STANDARD_LIBRARIES = YES;
				BUNDLE_LOADER = "$(TEST_HOST)";
				CODE_SIGN_STYLE = Automatic;
				CURRENT_PROJECT_VERSION = 1;
				GENERATE_INFOPLIST_FILE = YES;
				IPHONEOS_DEPLOYMENT_TARGET = 17.4;
				MARKETING_VERSION = 1.0;
				PRODUCT_BUNDLE_IDENTIFIER = hyunhee.ThirdAppTests;
				PRODUCT_NAME = "$(TARGET_NAME)";
				SWIFT_EMIT_LOC_STRINGS = NO;
				SWIFT_VERSION = 5.0;
				TARGETED_DEVICE_FAMILY = "1,2";
				TEST_HOST = "$(BUILT_PRODUCTS_DIR)/ThirdApp.app/$(BUNDLE_EXECUTABLE_FOLDER_PATH)/ThirdApp";
			};
			name = Debug;
		};
		4EC64D6B2BBC47D50062FA53 /* Release */ = {
			isa = XCBuildConfiguration;
			buildSettings = {
				ALWAYS_EMBED_SWIFT_STANDARD_LIBRARIES = YES;
				BUNDLE_LOADER = "$(TEST_HOST)";
				CODE_SIGN_STYLE = Automatic;
				CURRENT_PROJECT_VERSION = 1;
				GENERATE_INFOPLIST_FILE = YES;
				IPHONEOS_DEPLOYMENT_TARGET = 17.4;
				MARKETING_VERSION = 1.0;
				PRODUCT_BUNDLE_IDENTIFIER = hyunhee.ThirdAppTests;
				PRODUCT_NAME = "$(TARGET_NAME)";
				SWIFT_EMIT_LOC_STRINGS = NO;
				SWIFT_VERSION = 5.0;
				TARGETED_DEVICE_FAMILY = "1,2";
				TEST_HOST = "$(BUILT_PRODUCTS_DIR)/ThirdApp.app/$(BUNDLE_EXECUTABLE_FOLDER_PATH)/ThirdApp";
			};
			name = Release;
		};
		4EC64D6D2BBC47D50062FA53 /* Debug */ = {
			isa = XCBuildConfiguration;
			buildSettings = {
				ALWAYS_EMBED_SWIFT_STANDARD_LIBRARIES = YES;
				CODE_SIGN_STYLE = Automatic;
				CURRENT_PROJECT_VERSION = 1;
				GENERATE_INFOPLIST_FILE = YES;
				MARKETING_VERSION = 1.0;
				PRODUCT_BUNDLE_IDENTIFIER = hyunhee.ThirdAppUITests;
				PRODUCT_NAME = "$(TARGET_NAME)";
				SWIFT_EMIT_LOC_STRINGS = NO;
				SWIFT_VERSION = 5.0;
				TARGETED_DEVICE_FAMILY = "1,2";
				TEST_TARGET_NAME = ThirdApp;
			};
			name = Debug;
		};
		4EC64D6E2BBC47D50062FA53 /* Release */ = {
			isa = XCBuildConfiguration;
			buildSettings = {
				ALWAYS_EMBED_SWIFT_STANDARD_LIBRARIES = YES;
				CODE_SIGN_STYLE = Automatic;
				CURRENT_PROJECT_VERSION = 1;
				GENERATE_INFOPLIST_FILE = YES;
				MARKETING_VERSION = 1.0;
				PRODUCT_BUNDLE_IDENTIFIER = hyunhee.ThirdAppUITests;
				PRODUCT_NAME = "$(TARGET_NAME)";
				SWIFT_EMIT_LOC_STRINGS = NO;
				SWIFT_VERSION = 5.0;
				TARGETED_DEVICE_FAMILY = "1,2";
				TEST_TARGET_NAME = ThirdApp;
			};
			name = Release;
		};
/* End XCBuildConfiguration section */

/* Begin XCConfigurationList section */
		4EC64D3D2BBC47D40062FA53 /* Build configuration list for PBXProject "ThirdApp" */ = {
			isa = XCConfigurationList;
			buildConfigurations = (
				4EC64D642BBC47D50062FA53 /* Debug */,
				4EC64D652BBC47D50062FA53 /* Release */,
			);
			defaultConfigurationIsVisible = 0;
			defaultConfigurationName = Release;
		};
		4EC64D662BBC47D50062FA53 /* Build configuration list for PBXNativeTarget "ThirdApp" */ = {
			isa = XCConfigurationList;
			buildConfigurations = (
				4EC64D672BBC47D50062FA53 /* Debug */,
				4EC64D682BBC47D50062FA53 /* Release */,
			);
			defaultConfigurationIsVisible = 0;
			defaultConfigurationName = Release;
		};
		4EC64D692BBC47D50062FA53 /* Build configuration list for PBXNativeTarget "ThirdAppTests" */ = {
			isa = XCConfigurationList;
			buildConfigurations = (
				4EC64D6A2BBC47D50062FA53 /* Debug */,
				4EC64D6B2BBC47D50062FA53 /* Release */,
			);
			defaultConfigurationIsVisible = 0;
			defaultConfigurationName = Release;
		};
		4EC64D6C2BBC47D50062FA53 /* Build configuration list for PBXNativeTarget "ThirdAppUITests" */ = {
			isa = XCConfigurationList;
			buildConfigurations = (
				4EC64D6D2BBC47D50062FA53 /* Debug */,
				4EC64D6E2BBC47D50062FA53 /* Release */,
			);
			defaultConfigurationIsVisible = 0;
			defaultConfigurationName = Release;
		};
/* End XCConfigurationList section */
	};
	rootObject = 4EC64D3A2BBC47D40062FA53 /* Project object */;
}
