// !$*UTF8*$!
{
	archiveVersion = 1;
	classes = {
	};
	objectVersion = 56;
	objects = {

/* Begin PBXBuildFile section */
		4E2051DC2BF1523500CBF650 /* Shake.swift in Sources */ = {isa = PBXBuildFile; fileRef = 4E2051DB2BF1523500CBF650 /* Shake.swift */; };
		4E2051DE2BF153F000CBF650 /* People.swift in Sources */ = {isa = PBXBuildFile; fileRef = 4E2051DD2BF153F000CBF650 /* People.swift */; };
		4E22814D2BEDA71000D5C5F4 /* AnimationApp.swift in Sources */ = {isa = PBXBuildFile; fileRef = 4E22814C2BEDA71000D5C5F4 /* AnimationApp.swift */; };
		4E22814F2BEDA71000D5C5F4 /* ContentView.swift in Sources */ = {isa = PBXBuildFile; fileRef = 4E22814E2BEDA71000D5C5F4 /* ContentView.swift */; };
		4E2281512BEDA71200D5C5F4 /* Assets.xcassets in Resources */ = {isa = PBXBuildFile; fileRef = 4E2281502BEDA71200D5C5F4 /* Assets.xcassets */; };
		4E22815E2BEDA71200D5C5F4 /* AnimationTests.swift in Sources */ = {isa = PBXBuildFile; fileRef = 4E22815D2BEDA71200D5C5F4 /* AnimationTests.swift */; };
		4E2281682BEDA71200D5C5F4 /* AnimationUITests.swift in Sources */ = {isa = PBXBuildFile; fileRef = 4E2281672BEDA71200D5C5F4 /* AnimationUITests.swift */; };
		4E22816A2BEDA71200D5C5F4 /* AnimationUITestsLaunchTests.swift in Sources */ = {isa = PBXBuildFile; fileRef = 4E2281692BEDA71200D5C5F4 /* AnimationUITestsLaunchTests.swift */; };
		4EB848D12BF146B50085A3CF /* Rain.swift in Sources */ = {isa = PBXBuildFile; fileRef = 4EB848D02BF146B50085A3CF /* Rain.swift */; };
/* End PBXBuildFile section */

/* Begin PBXContainerItemProxy section */
		4E22815A2BEDA71200D5C5F4 /* PBXContainerItemProxy */ = {
			isa = PBXContainerItemProxy;
			containerPortal = 4E2281412BEDA71000D5C5F4 /* Project object */;
			proxyType = 1;
			remoteGlobalIDString = 4E2281482BEDA71000D5C5F4;
			remoteInfo = Animation;
		};
		4E2281642BEDA71200D5C5F4 /* PBXContainerItemProxy */ = {
			isa = PBXContainerItemProxy;
			containerPortal = 4E2281412BEDA71000D5C5F4 /* Project object */;
			proxyType = 1;
			remoteGlobalIDString = 4E2281482BEDA71000D5C5F4;
			remoteInfo = Animation;
		};
/* End PBXContainerItemProxy section */

/* Begin PBXFileReference section */
		4E2051DB2BF1523500CBF650 /* Shake.swift */ = {isa = PBXFileReference; lastKnownFileType = sourcecode.swift; path = Shake.swift; sourceTree = "<group>"; };
		4E2051DD2BF153F000CBF650 /* People.swift */ = {isa = PBXFileReference; lastKnownFileType = sourcecode.swift; path = People.swift; sourceTree = "<group>"; };
		4E2281492BEDA71000D5C5F4 /* Animation.app */ = {isa = PBXFileReference; explicitFileType = wrapper.application; includeInIndex = 0; path = Animation.app; sourceTree = BUILT_PRODUCTS_DIR; };
		4E22814C2BEDA71000D5C5F4 /* AnimationApp.swift */ = {isa = PBXFileReference; lastKnownFileType = sourcecode.swift; path = AnimationApp.swift; sourceTree = "<group>"; };
		4E22814E2BEDA71000D5C5F4 /* ContentView.swift */ = {isa = PBXFileReference; lastKnownFileType = sourcecode.swift; path = ContentView.swift; sourceTree = "<group>"; };
		4E2281502BEDA71200D5C5F4 /* Assets.xcassets */ = {isa = PBXFileReference; lastKnownFileType = folder.assetcatalog; path = Assets.xcassets; sourceTree = "<group>"; };
		4E2281592BEDA71200D5C5F4 /* AnimationTests.xctest */ = {isa = PBXFileReference; explicitFileType = wrapper.cfbundle; includeInIndex = 0; path = AnimationTests.xctest; sourceTree = BUILT_PRODUCTS_DIR; };
		4E22815D2BEDA71200D5C5F4 /* AnimationTests.swift */ = {isa = PBXFileReference; lastKnownFileType = sourcecode.swift; path = AnimationTests.swift; sourceTree = "<group>"; };
		4E2281632BEDA71200D5C5F4 /* AnimationUITests.xctest */ = {isa = PBXFileReference; explicitFileType = wrapper.cfbundle; includeInIndex = 0; path = AnimationUITests.xctest; sourceTree = BUILT_PRODUCTS_DIR; };
		4E2281672BEDA71200D5C5F4 /* AnimationUITests.swift */ = {isa = PBXFileReference; lastKnownFileType = sourcecode.swift; path = AnimationUITests.swift; sourceTree = "<group>"; };
		4E2281692BEDA71200D5C5F4 /* AnimationUITestsLaunchTests.swift */ = {isa = PBXFileReference; lastKnownFileType = sourcecode.swift; path = AnimationUITestsLaunchTests.swift; sourceTree = "<group>"; };
		4EB848D02BF146B50085A3CF /* Rain.swift */ = {isa = PBXFileReference; lastKnownFileType = sourcecode.swift; path = Rain.swift; sourceTree = "<group>"; };
/* End PBXFileReference section */

/* Begin PBXFrameworksBuildPhase section */
		4E2281462BEDA71000D5C5F4 /* Frameworks */ = {
			isa = PBXFrameworksBuildPhase;
			buildActionMask = 2147483647;
			files = (
			);
			runOnlyForDeploymentPostprocessing = 0;
		};
		4E2281562BEDA71200D5C5F4 /* Frameworks */ = {
			isa = PBXFrameworksBuildPhase;
			buildActionMask = 2147483647;
			files = (
			);
			runOnlyForDeploymentPostprocessing = 0;
		};
		4E2281602BEDA71200D5C5F4 /* Frameworks */ = {
			isa = PBXFrameworksBuildPhase;
			buildActionMask = 2147483647;
			files = (
			);
			runOnlyForDeploymentPostprocessing = 0;
		};
/* End PBXFrameworksBuildPhase section */

/* Begin PBXGroup section */
		4E2281402BEDA71000D5C5F4 = {
			isa = PBXGroup;
			children = (
				4E22814B2BEDA71000D5C5F4 /* Animation */,
				4E22815C2BEDA71200D5C5F4 /* AnimationTests */,
				4E2281662BEDA71200D5C5F4 /* AnimationUITests */,
				4E22814A2BEDA71000D5C5F4 /* Products */,
			);
			sourceTree = "<group>";
		};
		4E22814A2BEDA71000D5C5F4 /* Products */ = {
			isa = PBXGroup;
			children = (
				4E2281492BEDA71000D5C5F4 /* Animation.app */,
				4E2281592BEDA71200D5C5F4 /* AnimationTests.xctest */,
				4E2281632BEDA71200D5C5F4 /* AnimationUITests.xctest */,
			);
			name = Products;
			sourceTree = "<group>";
		};
		4E22814B2BEDA71000D5C5F4 /* Animation */ = {
			isa = PBXGroup;
			children = (
				4E22814C2BEDA71000D5C5F4 /* AnimationApp.swift */,
				4E22814E2BEDA71000D5C5F4 /* ContentView.swift */,
				4EB848D02BF146B50085A3CF /* Rain.swift */,
				4E2051DB2BF1523500CBF650 /* Shake.swift */,
				4E2051DD2BF153F000CBF650 /* People.swift */,
				4E2281502BEDA71200D5C5F4 /* Assets.xcassets */,
			);
			path = Animation;
			sourceTree = "<group>";
		};
		4E22815C2BEDA71200D5C5F4 /* AnimationTests */ = {
			isa = PBXGroup;
			children = (
				4E22815D2BEDA71200D5C5F4 /* AnimationTests.swift */,
			);
			path = AnimationTests;
			sourceTree = "<group>";
		};
		4E2281662BEDA71200D5C5F4 /* AnimationUITests */ = {
			isa = PBXGroup;
			children = (
				4E2281672BEDA71200D5C5F4 /* AnimationUITests.swift */,
				4E2281692BEDA71200D5C5F4 /* AnimationUITestsLaunchTests.swift */,
			);
			path = AnimationUITests;
			sourceTree = "<group>";
		};
/* End PBXGroup section */

/* Begin PBXNativeTarget section */
		4E2281482BEDA71000D5C5F4 /* Animation */ = {
			isa = PBXNativeTarget;
			buildConfigurationList = 4E22816D2BEDA71200D5C5F4 /* Build configuration list for PBXNativeTarget "Animation" */;
			buildPhases = (
				4E2281452BEDA71000D5C5F4 /* Sources */,
				4E2281462BEDA71000D5C5F4 /* Frameworks */,
				4E2281472BEDA71000D5C5F4 /* Resources */,
			);
			buildRules = (
			);
			dependencies = (
			);
			name = Animation;
			productName = Animation;
			productReference = 4E2281492BEDA71000D5C5F4 /* Animation.app */;
			productType = "com.apple.product-type.application";
		};
		4E2281582BEDA71200D5C5F4 /* AnimationTests */ = {
			isa = PBXNativeTarget;
			buildConfigurationList = 4E2281702BEDA71200D5C5F4 /* Build configuration list for PBXNativeTarget "AnimationTests" */;
			buildPhases = (
				4E2281552BEDA71200D5C5F4 /* Sources */,
				4E2281562BEDA71200D5C5F4 /* Frameworks */,
				4E2281572BEDA71200D5C5F4 /* Resources */,
			);
			buildRules = (
			);
			dependencies = (
				4E22815B2BEDA71200D5C5F4 /* PBXTargetDependency */,
			);
			name = AnimationTests;
			productName = AnimationTests;
			productReference = 4E2281592BEDA71200D5C5F4 /* AnimationTests.xctest */;
			productType = "com.apple.product-type.bundle.unit-test";
		};
		4E2281622BEDA71200D5C5F4 /* AnimationUITests */ = {
			isa = PBXNativeTarget;
			buildConfigurationList = 4E2281732BEDA71200D5C5F4 /* Build configuration list for PBXNativeTarget "AnimationUITests" */;
			buildPhases = (
				4E22815F2BEDA71200D5C5F4 /* Sources */,
				4E2281602BEDA71200D5C5F4 /* Frameworks */,
				4E2281612BEDA71200D5C5F4 /* Resources */,
			);
			buildRules = (
			);
			dependencies = (
				4E2281652BEDA71200D5C5F4 /* PBXTargetDependency */,
			);
			name = AnimationUITests;
			productName = AnimationUITests;
			productReference = 4E2281632BEDA71200D5C5F4 /* AnimationUITests.xctest */;
			productType = "com.apple.product-type.bundle.ui-testing";
		};
/* End PBXNativeTarget section */

/* Begin PBXProject section */
		4E2281412BEDA71000D5C5F4 /* Project object */ = {
			isa = PBXProject;
			attributes = {
				BuildIndependentTargetsInParallel = 1;
				LastSwiftUpdateCheck = 1530;
				LastUpgradeCheck = 1530;
				TargetAttributes = {
					4E2281482BEDA71000D5C5F4 = {
						CreatedOnToolsVersion = 15.3;
					};
					4E2281582BEDA71200D5C5F4 = {
						CreatedOnToolsVersion = 15.3;
						TestTargetID = 4E2281482BEDA71000D5C5F4;
					};
					4E2281622BEDA71200D5C5F4 = {
						CreatedOnToolsVersion = 15.3;
						TestTargetID = 4E2281482BEDA71000D5C5F4;
					};
				};
			};
			buildConfigurationList = 4E2281442BEDA71000D5C5F4 /* Build configuration list for PBXProject "Animation" */;
			compatibilityVersion = "Xcode 14.0";
			developmentRegion = en;
			hasScannedForEncodings = 0;
			knownRegions = (
				en,
				Base,
			);
			mainGroup = 4E2281402BEDA71000D5C5F4;
			productRefGroup = 4E22814A2BEDA71000D5C5F4 /* Products */;
			projectDirPath = "";
			projectRoot = "";
			targets = (
				4E2281482BEDA71000D5C5F4 /* Animation */,
				4E2281582BEDA71200D5C5F4 /* AnimationTests */,
				4E2281622BEDA71200D5C5F4 /* AnimationUITests */,
			);
		};
/* End PBXProject section */

/* Begin PBXResourcesBuildPhase section */
		4E2281472BEDA71000D5C5F4 /* Resources */ = {
			isa = PBXResourcesBuildPhase;
			buildActionMask = 2147483647;
			files = (
				4E2281512BEDA71200D5C5F4 /* Assets.xcassets in Resources */,
			);
			runOnlyForDeploymentPostprocessing = 0;
		};
		4E2281572BEDA71200D5C5F4 /* Resources */ = {
			isa = PBXResourcesBuildPhase;
			buildActionMask = 2147483647;
			files = (
			);
			runOnlyForDeploymentPostprocessing = 0;
		};
		4E2281612BEDA71200D5C5F4 /* Resources */ = {
			isa = PBXResourcesBuildPhase;
			buildActionMask = 2147483647;
			files = (
			);
			runOnlyForDeploymentPostprocessing = 0;
		};
/* End PBXResourcesBuildPhase section */

/* Begin PBXSourcesBuildPhase section */
		4E2281452BEDA71000D5C5F4 /* Sources */ = {
			isa = PBXSourcesBuildPhase;
			buildActionMask = 2147483647;
			files = (
				4EB848D12BF146B50085A3CF /* Rain.swift in Sources */,
				4E22814F2BEDA71000D5C5F4 /* ContentView.swift in Sources */,
				4E2051DC2BF1523500CBF650 /* Shake.swift in Sources */,
				4E22814D2BEDA71000D5C5F4 /* AnimationApp.swift in Sources */,
				4E2051DE2BF153F000CBF650 /* People.swift in Sources */,
			);
			runOnlyForDeploymentPostprocessing = 0;
		};
		4E2281552BEDA71200D5C5F4 /* Sources */ = {
			isa = PBXSourcesBuildPhase;
			buildActionMask = 2147483647;
			files = (
				4E22815E2BEDA71200D5C5F4 /* AnimationTests.swift in Sources */,
			);
			runOnlyForDeploymentPostprocessing = 0;
		};
		4E22815F2BEDA71200D5C5F4 /* Sources */ = {
			isa = PBXSourcesBuildPhase;
			buildActionMask = 2147483647;
			files = (
				4E2281682BEDA71200D5C5F4 /* AnimationUITests.swift in Sources */,
				4E22816A2BEDA71200D5C5F4 /* AnimationUITestsLaunchTests.swift in Sources */,
			);
			runOnlyForDeploymentPostprocessing = 0;
		};
/* End PBXSourcesBuildPhase section */

/* Begin PBXTargetDependency section */
		4E22815B2BEDA71200D5C5F4 /* PBXTargetDependency */ = {
			isa = PBXTargetDependency;
			target = 4E2281482BEDA71000D5C5F4 /* Animation */;
			targetProxy = 4E22815A2BEDA71200D5C5F4 /* PBXContainerItemProxy */;
		};
		4E2281652BEDA71200D5C5F4 /* PBXTargetDependency */ = {
			isa = PBXTargetDependency;
			target = 4E2281482BEDA71000D5C5F4 /* Animation */;
			targetProxy = 4E2281642BEDA71200D5C5F4 /* PBXContainerItemProxy */;
		};
/* End PBXTargetDependency section */

/* Begin XCBuildConfiguration section */
		4E22816B2BEDA71200D5C5F4 /* Debug */ = {
			isa = XCBuildConfiguration;
			buildSettings = {
				ALWAYS_SEARCH_USER_PATHS = NO;
				ASSETCATALOG_COMPILER_GENERATE_SWIFT_ASSET_SYMBOL_EXTENSIONS = YES;
				CLANG_ANALYZER_NONNULL = YES;
				CLANG_ANALYZER_NUMBER_OBJECT_CONVERSION = YES_AGGRESSIVE;
				CLANG_CXX_LANGUAGE_STANDARD = "gnu++20";
				CLANG_ENABLE_MODULES = YES;
				CLANG_ENABLE_OBJC_ARC = YES;
				CLANG_ENABLE_OBJC_WEAK = YES;
				CLANG_WARN_BLOCK_CAPTURE_AUTORELEASING = YES;
				CLANG_WARN_BOOL_CONVERSION = YES;
				CLANG_WARN_COMMA = YES;
				CLANG_WARN_CONSTANT_CONVERSION = YES;
				CLANG_WARN_DEPRECATED_OBJC_IMPLEMENTATIONS = YES;
				CLANG_WARN_DIRECT_OBJC_ISA_USAGE = YES_ERROR;
				CLANG_WARN_DOCUMENTATION_COMMENTS = YES;
				CLANG_WARN_EMPTY_BODY = YES;
				CLANG_WARN_ENUM_CONVERSION = YES;
				CLANG_WARN_INFINITE_RECURSION = YES;
				CLANG_WARN_INT_CONVERSION = YES;
				CLANG_WARN_NON_LITERAL_NULL_CONVERSION = YES;
				CLANG_WARN_OBJC_IMPLICIT_RETAIN_SELF = YES;
				CLANG_WARN_OBJC_LITERAL_CONVERSION = YES;
				CLANG_WARN_OBJC_ROOT_CLASS = YES_ERROR;
				CLANG_WARN_QUOTED_INCLUDE_IN_FRAMEWORK_HEADER = YES;
				CLANG_WARN_RANGE_LOOP_ANALYSIS = YES;
				CLANG_WARN_STRICT_PROTOTYPES = YES;
				CLANG_WARN_SUSPICIOUS_MOVE = YES;
				CLANG_WARN_UNGUARDED_AVAILABILITY = YES_AGGRESSIVE;
				CLANG_WARN_UNREACHABLE_CODE = YES;
				CLANG_WARN__DUPLICATE_METHOD_MATCH = YES;
				COPY_PHASE_STRIP = NO;
				DEBUG_INFORMATION_FORMAT = dwarf;
				ENABLE_STRICT_OBJC_MSGSEND = YES;
				ENABLE_TESTABILITY = YES;
				ENABLE_USER_SCRIPT_SANDBOXING = YES;
				GCC_C_LANGUAGE_STANDARD = gnu17;
				GCC_DYNAMIC_NO_PIC = NO;
				GCC_NO_COMMON_BLOCKS = YES;
				GCC_OPTIMIZATION_LEVEL = 0;
				GCC_PREPROCESSOR_DEFINITIONS = (
					"DEBUG=1",
					"$(inherited)",
				);
				GCC_WARN_64_TO_32_BIT_CONVERSION = YES;
				GCC_WARN_ABOUT_RETURN_TYPE = YES_ERROR;
				GCC_WARN_UNDECLARED_SELECTOR = YES;
				GCC_WARN_UNINITIALIZED_AUTOS = YES_AGGRESSIVE;
				GCC_WARN_UNUSED_FUNCTION = YES;
				GCC_WARN_UNUSED_VARIABLE = YES;
				IPHONEOS_DEPLOYMENT_TARGET = 17.4;
				LOCALIZATION_PREFERS_STRING_CATALOGS = YES;
				MTL_ENABLE_DEBUG_INFO = INCLUDE_SOURCE;
				MTL_FAST_MATH = YES;
				ONLY_ACTIVE_ARCH = YES;
				SDKROOT = iphoneos;
				SWIFT_ACTIVE_COMPILATION_CONDITIONS = "DEBUG $(inherited)";
				SWIFT_OPTIMIZATION_LEVEL = "-Onone";
			};
			name = Debug;
		};
		4E22816C2BEDA71200D5C5F4 /* Release */ = {
			isa = XCBuildConfiguration;
			buildSettings = {
				ALWAYS_SEARCH_USER_PATHS = NO;
				ASSETCATALOG_COMPILER_GENERATE_SWIFT_ASSET_SYMBOL_EXTENSIONS = YES;
				CLANG_ANALYZER_NONNULL = YES;
				CLANG_ANALYZER_NUMBER_OBJECT_CONVERSION = YES_AGGRESSIVE;
				CLANG_CXX_LANGUAGE_STANDARD = "gnu++20";
				CLANG_ENABLE_MODULES = YES;
				CLANG_ENABLE_OBJC_ARC = YES;
				CLANG_ENABLE_OBJC_WEAK = YES;
				CLANG_WARN_BLOCK_CAPTURE_AUTORELEASING = YES;
				CLANG_WARN_BOOL_CONVERSION = YES;
				CLANG_WARN_COMMA = YES;
				CLANG_WARN_CONSTANT_CONVERSION = YES;
				CLANG_WARN_DEPRECATED_OBJC_IMPLEMENTATIONS = YES;
				CLANG_WARN_DIRECT_OBJC_ISA_USAGE = YES_ERROR;
				CLANG_WARN_DOCUMENTATION_COMMENTS = YES;
				CLANG_WARN_EMPTY_BODY = YES;
				CLANG_WARN_ENUM_CONVERSION = YES;
				CLANG_WARN_INFINITE_RECURSION = YES;
				CLANG_WARN_INT_CONVERSION = YES;
				CLANG_WARN_NON_LITERAL_NULL_CONVERSION = YES;
				CLANG_WARN_OBJC_IMPLICIT_RETAIN_SELF = YES;
				CLANG_WARN_OBJC_LITERAL_CONVERSION = YES;
				CLANG_WARN_OBJC_ROOT_CLASS = YES_ERROR;
				CLANG_WARN_QUOTED_INCLUDE_IN_FRAMEWORK_HEADER = YES;
				CLANG_WARN_RANGE_LOOP_ANALYSIS = YES;
				CLANG_WARN_STRICT_PROTOTYPES = YES;
				CLANG_WARN_SUSPICIOUS_MOVE = YES;
				CLANG_WARN_UNGUARDED_AVAILABILITY = YES_AGGRESSIVE;
				CLANG_WARN_UNREACHABLE_CODE = YES;
				CLANG_WARN__DUPLICATE_METHOD_MATCH = YES;
				COPY_PHASE_STRIP = NO;
				DEBUG_INFORMATION_FORMAT = "dwarf-with-dsym";
				ENABLE_NS_ASSERTIONS = NO;
				ENABLE_STRICT_OBJC_MSGSEND = YES;
				ENABLE_USER_SCRIPT_SANDBOXING = YES;
				GCC_C_LANGUAGE_STANDARD = gnu17;
				GCC_NO_COMMON_BLOCKS = YES;
				GCC_WARN_64_TO_32_BIT_CONVERSION = YES;
				GCC_WARN_ABOUT_RETURN_TYPE = YES_ERROR;
				GCC_WARN_UNDECLARED_SELECTOR = YES;
				GCC_WARN_UNINITIALIZED_AUTOS = YES_AGGRESSIVE;
				GCC_WARN_UNUSED_FUNCTION = YES;
				GCC_WARN_UNUSED_VARIABLE = YES;
				IPHONEOS_DEPLOYMENT_TARGET = 17.4;
				LOCALIZATION_PREFERS_STRING_CATALOGS = YES;
				MTL_ENABLE_DEBUG_INFO = NO;
				MTL_FAST_MATH = YES;
				SDKROOT = iphoneos;
				SWIFT_COMPILATION_MODE = wholemodule;
				VALIDATE_PRODUCT = YES;
			};
			name = Release;
		};
		4E22816E2BEDA71200D5C5F4 /* Debug */ = {
			isa = XCBuildConfiguration;
			buildSettings = {
				ASSETCATALOG_COMPILER_APPICON_NAME = AppIcon;
				ASSETCATALOG_COMPILER_GLOBAL_ACCENT_COLOR_NAME = AccentColor;
				CODE_SIGN_STYLE = Automatic;
				CURRENT_PROJECT_VERSION = 1;
				DEVELOPMENT_ASSET_PATHS = "\"Animation/Preview Content\"";
				ENABLE_PREVIEWS = YES;
				GENERATE_INFOPLIST_FILE = YES;
				INFOPLIST_KEY_UIApplicationSceneManifest_Generation = YES;
				INFOPLIST_KEY_UIApplicationSupportsIndirectInputEvents = YES;
				INFOPLIST_KEY_UILaunchScreen_Generation = YES;
				INFOPLIST_KEY_UISupportedInterfaceOrientations_iPad = "UIInterfaceOrientationPortrait UIInterfaceOrientationPortraitUpsideDown UIInterfaceOrientationLandscapeLeft UIInterfaceOrientationLandscapeRight";
				INFOPLIST_KEY_UISupportedInterfaceOrientations_iPhone = "UIInterfaceOrientationPortrait UIInterfaceOrientationLandscapeLeft UIInterfaceOrientationLandscapeRight";
				LD_RUNPATH_SEARCH_PATHS = (
					"$(inherited)",
					"@executable_path/Frameworks",
				);
				MARKETING_VERSION = 1.0;
				PRODUCT_BUNDLE_IDENTIFIER = hyunhee.Animation;
				PRODUCT_NAME = "$(TARGET_NAME)";
				SWIFT_EMIT_LOC_STRINGS = YES;
				SWIFT_VERSION = 5.0;
				TARGETED_DEVICE_FAMILY = "1,2";
			};
			name = Debug;
		};
		4E22816F2BEDA71200D5C5F4 /* Release */ = {
			isa = XCBuildConfiguration;
			buildSettings = {
				ASSETCATALOG_COMPILER_APPICON_NAME = AppIcon;
				ASSETCATALOG_COMPILER_GLOBAL_ACCENT_COLOR_NAME = AccentColor;
				CODE_SIGN_STYLE = Automatic;
				CURRENT_PROJECT_VERSION = 1;
				DEVELOPMENT_ASSET_PATHS = "\"Animation/Preview Content\"";
				ENABLE_PREVIEWS = YES;
				GENERATE_INFOPLIST_FILE = YES;
				INFOPLIST_KEY_UIApplicationSceneManifest_Generation = YES;
				INFOPLIST_KEY_UIApplicationSupportsIndirectInputEvents = YES;
				INFOPLIST_KEY_UILaunchScreen_Generation = YES;
				INFOPLIST_KEY_UISupportedInterfaceOrientations_iPad = "UIInterfaceOrientationPortrait UIInterfaceOrientationPortraitUpsideDown UIInterfaceOrientationLandscapeLeft UIInterfaceOrientationLandscapeRight";
				INFOPLIST_KEY_UISupportedInterfaceOrientations_iPhone = "UIInterfaceOrientationPortrait UIInterfaceOrientationLandscapeLeft UIInterfaceOrientationLandscapeRight";
				LD_RUNPATH_SEARCH_PATHS = (
					"$(inherited)",
					"@executable_path/Frameworks",
				);
				MARKETING_VERSION = 1.0;
				PRODUCT_BUNDLE_IDENTIFIER = hyunhee.Animation;
				PRODUCT_NAME = "$(TARGET_NAME)";
				SWIFT_EMIT_LOC_STRINGS = YES;
				SWIFT_VERSION = 5.0;
				TARGETED_DEVICE_FAMILY = "1,2";
			};
			name = Release;
		};
		4E2281712BEDA71200D5C5F4 /* Debug */ = {
			isa = XCBuildConfiguration;
			buildSettings = {
				ALWAYS_EMBED_SWIFT_STANDARD_LIBRARIES = YES;
				BUNDLE_LOADER = "$(TEST_HOST)";
				CODE_SIGN_STYLE = Automatic;
				CURRENT_PROJECT_VERSION = 1;
				GENERATE_INFOPLIST_FILE = YES;
				IPHONEOS_DEPLOYMENT_TARGET = 17.4;
				MARKETING_VERSION = 1.0;
				PRODUCT_BUNDLE_IDENTIFIER = hyunhee.AnimationTests;
				PRODUCT_NAME = "$(TARGET_NAME)";
				SWIFT_EMIT_LOC_STRINGS = NO;
				SWIFT_VERSION = 5.0;
				TARGETED_DEVICE_FAMILY = "1,2";
				TEST_HOST = "$(BUILT_PRODUCTS_DIR)/Animation.app/$(BUNDLE_EXECUTABLE_FOLDER_PATH)/Animation";
			};
			name = Debug;
		};
		4E2281722BEDA71200D5C5F4 /* Release */ = {
			isa = XCBuildConfiguration;
			buildSettings = {
				ALWAYS_EMBED_SWIFT_STANDARD_LIBRARIES = YES;
				BUNDLE_LOADER = "$(TEST_HOST)";
				CODE_SIGN_STYLE = Automatic;
				CURRENT_PROJECT_VERSION = 1;
				GENERATE_INFOPLIST_FILE = YES;
				IPHONEOS_DEPLOYMENT_TARGET = 17.4;
				MARKETING_VERSION = 1.0;
				PRODUCT_BUNDLE_IDENTIFIER = hyunhee.AnimationTests;
				PRODUCT_NAME = "$(TARGET_NAME)";
				SWIFT_EMIT_LOC_STRINGS = NO;
				SWIFT_VERSION = 5.0;
				TARGETED_DEVICE_FAMILY = "1,2";
				TEST_HOST = "$(BUILT_PRODUCTS_DIR)/Animation.app/$(BUNDLE_EXECUTABLE_FOLDER_PATH)/Animation";
			};
			name = Release;
		};
		4E2281742BEDA71200D5C5F4 /* Debug */ = {
			isa = XCBuildConfiguration;
			buildSettings = {
				ALWAYS_EMBED_SWIFT_STANDARD_LIBRARIES = YES;
				CODE_SIGN_STYLE = Automatic;
				CURRENT_PROJECT_VERSION = 1;
				GENERATE_INFOPLIST_FILE = YES;
				MARKETING_VERSION = 1.0;
				PRODUCT_BUNDLE_IDENTIFIER = hyunhee.AnimationUITests;
				PRODUCT_NAME = "$(TARGET_NAME)";
				SWIFT_EMIT_LOC_STRINGS = NO;
				SWIFT_VERSION = 5.0;
				TARGETED_DEVICE_FAMILY = "1,2";
				TEST_TARGET_NAME = Animation;
			};
			name = Debug;
		};
		4E2281752BEDA71200D5C5F4 /* Release */ = {
			isa = XCBuildConfiguration;
			buildSettings = {
				ALWAYS_EMBED_SWIFT_STANDARD_LIBRARIES = YES;
				CODE_SIGN_STYLE = Automatic;
				CURRENT_PROJECT_VERSION = 1;
				GENERATE_INFOPLIST_FILE = YES;
				MARKETING_VERSION = 1.0;
				PRODUCT_BUNDLE_IDENTIFIER = hyunhee.AnimationUITests;
				PRODUCT_NAME = "$(TARGET_NAME)";
				SWIFT_EMIT_LOC_STRINGS = NO;
				SWIFT_VERSION = 5.0;
				TARGETED_DEVICE_FAMILY = "1,2";
				TEST_TARGET_NAME = Animation;
			};
			name = Release;
		};
/* End XCBuildConfiguration section */

/* Begin XCConfigurationList section */
		4E2281442BEDA71000D5C5F4 /* Build configuration list for PBXProject "Animation" */ = {
			isa = XCConfigurationList;
			buildConfigurations = (
				4E22816B2BEDA71200D5C5F4 /* Debug */,
				4E22816C2BEDA71200D5C5F4 /* Release */,
			);
			defaultConfigurationIsVisible = 0;
			defaultConfigurationName = Release;
		};
		4E22816D2BEDA71200D5C5F4 /* Build configuration list for PBXNativeTarget "Animation" */ = {
			isa = XCConfigurationList;
			buildConfigurations = (
				4E22816E2BEDA71200D5C5F4 /* Debug */,
				4E22816F2BEDA71200D5C5F4 /* Release */,
			);
			defaultConfigurationIsVisible = 0;
			defaultConfigurationName = Release;
		};
		4E2281702BEDA71200D5C5F4 /* Build configuration list for PBXNativeTarget "AnimationTests" */ = {
			isa = XCConfigurationList;
			buildConfigurations = (
				4E2281712BEDA71200D5C5F4 /* Debug */,
				4E2281722BEDA71200D5C5F4 /* Release */,
			);
			defaultConfigurationIsVisible = 0;
			defaultConfigurationName = Release;
		};
		4E2281732BEDA71200D5C5F4 /* Build configuration list for PBXNativeTarget "AnimationUITests" */ = {
			isa = XCConfigurationList;
			buildConfigurations = (
				4E2281742BEDA71200D5C5F4 /* Debug */,
				4E2281752BEDA71200D5C5F4 /* Release */,
			);
			defaultConfigurationIsVisible = 0;
			defaultConfigurationName = Release;
		};
/* End XCConfigurationList section */
	};
	rootObject = 4E2281412BEDA71000D5C5F4 /* Project object */;
}
