// !$*UTF8*$!
{
	archiveVersion = 1;
	classes = {
	};
	objectVersion = 56;
	objects = {

/* Begin PBXBuildFile section */
		4E8DD3EB2BAAB601004277AB /* FirstAppApp.swift in Sources */ = {isa = PBXBuildFile; fileRef = 4E8DD3EA2BAAB601004277AB /* FirstAppApp.swift */; };
		4E8DD3ED2BAAB601004277AB /* ContentView.swift in Sources */ = {isa = PBXBuildFile; fileRef = 4E8DD3EC2BAAB601004277AB /* ContentView.swift */; };
		4E8DD3EF2BAAB602004277AB /* Assets.xcassets in Resources */ = {isa = PBXBuildFile; fileRef = 4E8DD3EE2BAAB602004277AB /* Assets.xcassets */; };
		4E8DD3F22BAAB602004277AB /* Preview Assets.xcassets in Resources */ = {isa = PBXBuildFile; fileRef = 4E8DD3F12BAAB602004277AB /* Preview Assets.xcassets */; };
		4E8DD3FC2BAAB603004277AB /* FirstAppTests.swift in Sources */ = {isa = PBXBuildFile; fileRef = 4E8DD3FB2BAAB603004277AB /* FirstAppTests.swift */; };
		4E8DD4062BAAB603004277AB /* FirstAppUITests.swift in Sources */ = {isa = PBXBuildFile; fileRef = 4E8DD4052BAAB603004277AB /* FirstAppUITests.swift */; };
		4E8DD4082BAAB603004277AB /* FirstAppUITestsLaunchTests.swift in Sources */ = {isa = PBXBuildFile; fileRef = 4E8DD4072BAAB603004277AB /* FirstAppUITestsLaunchTests.swift */; };
/* End PBXBuildFile section */

/* Begin PBXContainerItemProxy section */
		4E8DD3F82BAAB603004277AB /* PBXContainerItemProxy */ = {
			isa = PBXContainerItemProxy;
			containerPortal = 4E8DD3DF2BAAB600004277AB /* Project object */;
			proxyType = 1;
			remoteGlobalIDString = 4E8DD3E62BAAB600004277AB;
			remoteInfo = FirstApp;
		};
		4E8DD4022BAAB603004277AB /* PBXContainerItemProxy */ = {
			isa = PBXContainerItemProxy;
			containerPortal = 4E8DD3DF2BAAB600004277AB /* Project object */;
			proxyType = 1;
			remoteGlobalIDString = 4E8DD3E62BAAB600004277AB;
			remoteInfo = FirstApp;
		};
/* End PBXContainerItemProxy section */

/* Begin PBXFileReference section */
		4E8DD3E72BAAB601004277AB /* FirstApp.app */ = {isa = PBXFileReference; explicitFileType = wrapper.application; includeInIndex = 0; path = FirstApp.app; sourceTree = BUILT_PRODUCTS_DIR; };
		4E8DD3EA2BAAB601004277AB /* FirstAppApp.swift */ = {isa = PBXFileReference; lastKnownFileType = sourcecode.swift; path = FirstAppApp.swift; sourceTree = "<group>"; };
		4E8DD3EC2BAAB601004277AB /* ContentView.swift */ = {isa = PBXFileReference; lastKnownFileType = sourcecode.swift; path = ContentView.swift; sourceTree = "<group>"; };
		4E8DD3EE2BAAB602004277AB /* Assets.xcassets */ = {isa = PBXFileReference; lastKnownFileType = folder.assetcatalog; path = Assets.xcassets; sourceTree = "<group>"; };
		4E8DD3F12BAAB602004277AB /* Preview Assets.xcassets */ = {isa = PBXFileReference; lastKnownFileType = folder.assetcatalog; path = "Preview Assets.xcassets"; sourceTree = "<group>"; };
		4E8DD3F72BAAB603004277AB /* FirstAppTests.xctest */ = {isa = PBXFileReference; explicitFileType = wrapper.cfbundle; includeInIndex = 0; path = FirstAppTests.xctest; sourceTree = BUILT_PRODUCTS_DIR; };
		4E8DD3FB2BAAB603004277AB /* FirstAppTests.swift */ = {isa = PBXFileReference; lastKnownFileType = sourcecode.swift; path = FirstAppTests.swift; sourceTree = "<group>"; };
		4E8DD4012BAAB603004277AB /* FirstAppUITests.xctest */ = {isa = PBXFileReference; explicitFileType = wrapper.cfbundle; includeInIndex = 0; path = FirstAppUITests.xctest; sourceTree = BUILT_PRODUCTS_DIR; };
		4E8DD4052BAAB603004277AB /* FirstAppUITests.swift */ = {isa = PBXFileReference; lastKnownFileType = sourcecode.swift; path = FirstAppUITests.swift; sourceTree = "<group>"; };
		4E8DD4072BAAB603004277AB /* FirstAppUITestsLaunchTests.swift */ = {isa = PBXFileReference; lastKnownFileType = sourcecode.swift; path = FirstAppUITestsLaunchTests.swift; sourceTree = "<group>"; };
/* End PBXFileReference section */

/* Begin PBXFrameworksBuildPhase section */
		4E8DD3E42BAAB600004277AB /* Frameworks */ = {
			isa = PBXFrameworksBuildPhase;
			buildActionMask = 2147483647;
			files = (
			);
			runOnlyForDeploymentPostprocessing = 0;
		};
		4E8DD3F42BAAB603004277AB /* Frameworks */ = {
			isa = PBXFrameworksBuildPhase;
			buildActionMask = 2147483647;
			files = (
			);
			runOnlyForDeploymentPostprocessing = 0;
		};
		4E8DD3FE2BAAB603004277AB /* Frameworks */ = {
			isa = PBXFrameworksBuildPhase;
			buildActionMask = 2147483647;
			files = (
			);
			runOnlyForDeploymentPostprocessing = 0;
		};
/* End PBXFrameworksBuildPhase section */

/* Begin PBXGroup section */
		4E8DD3DE2BAAB600004277AB = {
			isa = PBXGroup;
			children = (
				4E8DD3E92BAAB601004277AB /* FirstApp */,
				4E8DD3FA2BAAB603004277AB /* FirstAppTests */,
				4E8DD4042BAAB603004277AB /* FirstAppUITests */,
				4E8DD3E82BAAB601004277AB /* Products */,
			);
			sourceTree = "<group>";
		};
		4E8DD3E82BAAB601004277AB /* Products */ = {
			isa = PBXGroup;
			children = (
				4E8DD3E72BAAB601004277AB /* FirstApp.app */,
				4E8DD3F72BAAB603004277AB /* FirstAppTests.xctest */,
				4E8DD4012BAAB603004277AB /* FirstAppUITests.xctest */,
			);
			name = Products;
			sourceTree = "<group>";
		};
		4E8DD3E92BAAB601004277AB /* FirstApp */ = {
			isa = PBXGroup;
			children = (
				4E8DD3EA2BAAB601004277AB /* FirstAppApp.swift */,
				4E8DD3EC2BAAB601004277AB /* ContentView.swift */,
				4E8DD3EE2BAAB602004277AB /* Assets.xcassets */,
				4E8DD3F02BAAB602004277AB /* Preview Content */,
			);
			path = FirstApp;
			sourceTree = "<group>";
		};
		4E8DD3F02BAAB602004277AB /* Preview Content */ = {
			isa = PBXGroup;
			children = (
				4E8DD3F12BAAB602004277AB /* Preview Assets.xcassets */,
			);
			path = "Preview Content";
			sourceTree = "<group>";
		};
		4E8DD3FA2BAAB603004277AB /* FirstAppTests */ = {
			isa = PBXGroup;
			children = (
				4E8DD3FB2BAAB603004277AB /* FirstAppTests.swift */,
			);
			path = FirstAppTests;
			sourceTree = "<group>";
		};
		4E8DD4042BAAB603004277AB /* FirstAppUITests */ = {
			isa = PBXGroup;
			children = (
				4E8DD4052BAAB603004277AB /* FirstAppUITests.swift */,
				4E8DD4072BAAB603004277AB /* FirstAppUITestsLaunchTests.swift */,
			);
			path = FirstAppUITests;
			sourceTree = "<group>";
		};
/* End PBXGroup section */

/* Begin PBXNativeTarget section */
		4E8DD3E62BAAB600004277AB /* FirstApp */ = {
			isa = PBXNativeTarget;
			buildConfigurationList = 4E8DD40B2BAAB603004277AB /* Build configuration list for PBXNativeTarget "FirstApp" */;
			buildPhases = (
				4E8DD3E32BAAB600004277AB /* Sources */,
				4E8DD3E42BAAB600004277AB /* Frameworks */,
				4E8DD3E52BAAB600004277AB /* Resources */,
			);
			buildRules = (
			);
			dependencies = (
			);
			name = FirstApp;
			productName = FirstApp;
			productReference = 4E8DD3E72BAAB601004277AB /* FirstApp.app */;
			productType = "com.apple.product-type.application";
		};
		4E8DD3F62BAAB603004277AB /* FirstAppTests */ = {
			isa = PBXNativeTarget;
			buildConfigurationList = 4E8DD40E2BAAB603004277AB /* Build configuration list for PBXNativeTarget "FirstAppTests" */;
			buildPhases = (
				4E8DD3F32BAAB603004277AB /* Sources */,
				4E8DD3F42BAAB603004277AB /* Frameworks */,
				4E8DD3F52BAAB603004277AB /* Resources */,
			);
			buildRules = (
			);
			dependencies = (
				4E8DD3F92BAAB603004277AB /* PBXTargetDependency */,
			);
			name = FirstAppTests;
			productName = FirstAppTests;
			productReference = 4E8DD3F72BAAB603004277AB /* FirstAppTests.xctest */;
			productType = "com.apple.product-type.bundle.unit-test";
		};
		4E8DD4002BAAB603004277AB /* FirstAppUITests */ = {
			isa = PBXNativeTarget;
			buildConfigurationList = 4E8DD4112BAAB603004277AB /* Build configuration list for PBXNativeTarget "FirstAppUITests" */;
			buildPhases = (
				4E8DD3FD2BAAB603004277AB /* Sources */,
				4E8DD3FE2BAAB603004277AB /* Frameworks */,
				4E8DD3FF2BAAB603004277AB /* Resources */,
			);
			buildRules = (
			);
			dependencies = (
				4E8DD4032BAAB603004277AB /* PBXTargetDependency */,
			);
			name = FirstAppUITests;
			productName = FirstAppUITests;
			productReference = 4E8DD4012BAAB603004277AB /* FirstAppUITests.xctest */;
			productType = "com.apple.product-type.bundle.ui-testing";
		};
/* End PBXNativeTarget section */

/* Begin PBXProject section */
		4E8DD3DF2BAAB600004277AB /* Project object */ = {
			isa = PBXProject;
			attributes = {
				BuildIndependentTargetsInParallel = 1;
				LastSwiftUpdateCheck = 1530;
				LastUpgradeCheck = 1530;
				TargetAttributes = {
					4E8DD3E62BAAB600004277AB = {
						CreatedOnToolsVersion = 15.3;
					};
					4E8DD3F62BAAB603004277AB = {
						CreatedOnToolsVersion = 15.3;
						TestTargetID = 4E8DD3E62BAAB600004277AB;
					};
					4E8DD4002BAAB603004277AB = {
						CreatedOnToolsVersion = 15.3;
						TestTargetID = 4E8DD3E62BAAB600004277AB;
					};
				};
			};
			buildConfigurationList = 4E8DD3E22BAAB600004277AB /* Build configuration list for PBXProject "FirstApp" */;
			compatibilityVersion = "Xcode 14.0";
			developmentRegion = en;
			hasScannedForEncodings = 0;
			knownRegions = (
				en,
				Base,
			);
			mainGroup = 4E8DD3DE2BAAB600004277AB;
			productRefGroup = 4E8DD3E82BAAB601004277AB /* Products */;
			projectDirPath = "";
			projectRoot = "";
			targets = (
				4E8DD3E62BAAB600004277AB /* FirstApp */,
				4E8DD3F62BAAB603004277AB /* FirstAppTests */,
				4E8DD4002BAAB603004277AB /* FirstAppUITests */,
			);
		};
/* End PBXProject section */

/* Begin PBXResourcesBuildPhase section */
		4E8DD3E52BAAB600004277AB /* Resources */ = {
			isa = PBXResourcesBuildPhase;
			buildActionMask = 2147483647;
			files = (
				4E8DD3F22BAAB602004277AB /* Preview Assets.xcassets in Resources */,
				4E8DD3EF2BAAB602004277AB /* Assets.xcassets in Resources */,
			);
			runOnlyForDeploymentPostprocessing = 0;
		};
		4E8DD3F52BAAB603004277AB /* Resources */ = {
			isa = PBXResourcesBuildPhase;
			buildActionMask = 2147483647;
			files = (
			);
			runOnlyForDeploymentPostprocessing = 0;
		};
		4E8DD3FF2BAAB603004277AB /* Resources */ = {
			isa = PBXResourcesBuildPhase;
			buildActionMask = 2147483647;
			files = (
			);
			runOnlyForDeploymentPostprocessing = 0;
		};
/* End PBXResourcesBuildPhase section */

/* Begin PBXSourcesBuildPhase section */
		4E8DD3E32BAAB600004277AB /* Sources */ = {
			isa = PBXSourcesBuildPhase;
			buildActionMask = 2147483647;
			files = (
				4E8DD3ED2BAAB601004277AB /* ContentView.swift in Sources */,
				4E8DD3EB2BAAB601004277AB /* FirstAppApp.swift in Sources */,
			);
			runOnlyForDeploymentPostprocessing = 0;
		};
		4E8DD3F32BAAB603004277AB /* Sources */ = {
			isa = PBXSourcesBuildPhase;
			buildActionMask = 2147483647;
			files = (
				4E8DD3FC2BAAB603004277AB /* FirstAppTests.swift in Sources */,
			);
			runOnlyForDeploymentPostprocessing = 0;
		};
		4E8DD3FD2BAAB603004277AB /* Sources */ = {
			isa = PBXSourcesBuildPhase;
			buildActionMask = 2147483647;
			files = (
				4E8DD4082BAAB603004277AB /* FirstAppUITestsLaunchTests.swift in Sources */,
				4E8DD4062BAAB603004277AB /* FirstAppUITests.swift in Sources */,
			);
			runOnlyForDeploymentPostprocessing = 0;
		};
/* End PBXSourcesBuildPhase section */

/* Begin PBXTargetDependency section */
		4E8DD3F92BAAB603004277AB /* PBXTargetDependency */ = {
			isa = PBXTargetDependency;
			target = 4E8DD3E62BAAB600004277AB /* FirstApp */;
			targetProxy = 4E8DD3F82BAAB603004277AB /* PBXContainerItemProxy */;
		};
		4E8DD4032BAAB603004277AB /* PBXTargetDependency */ = {
			isa = PBXTargetDependency;
			target = 4E8DD3E62BAAB600004277AB /* FirstApp */;
			targetProxy = 4E8DD4022BAAB603004277AB /* PBXContainerItemProxy */;
		};
/* End PBXTargetDependency section */

/* Begin XCBuildConfiguration section */
		4E8DD4092BAAB603004277AB /* Debug */ = {
			isa = XCBuildConfiguration;
			buildSettings = {
				ALWAYS_SEARCH_USER_PATHS = NO;
				ASSETCATALOG_COMPILER_GENERATE_SWIFT_ASSET_SYMBOL_EXTENSIONS = YES;
				CLANG_ANALYZER_NONNULL = YES;
				CLANG_ANALYZER_NUMBER_OBJECT_CONVERSION = YES_AGGRESSIVE;
				CLANG_CXX_LANGUAGE_STANDARD = "gnu++20";
				CLANG_ENABLE_MODULES = YES;
				CLANG_ENABLE_OBJC_ARC = YES;
				CLANG_ENABLE_OBJC_WEAK = YES;
				CLANG_WARN_BLOCK_CAPTURE_AUTORELEASING = YES;
				CLANG_WARN_BOOL_CONVERSION = YES;
				CLANG_WARN_COMMA = YES;
				CLANG_WARN_CONSTANT_CONVERSION = YES;
				CLANG_WARN_DEPRECATED_OBJC_IMPLEMENTATIONS = YES;
				CLANG_WARN_DIRECT_OBJC_ISA_USAGE = YES_ERROR;
				CLANG_WARN_DOCUMENTATION_COMMENTS = YES;
				CLANG_WARN_EMPTY_BODY = YES;
				CLANG_WARN_ENUM_CONVERSION = YES;
				CLANG_WARN_INFINITE_RECURSION = YES;
				CLANG_WARN_INT_CONVERSION = YES;
				CLANG_WARN_NON_LITERAL_NULL_CONVERSION = YES;
				CLANG_WARN_OBJC_IMPLICIT_RETAIN_SELF = YES;
				CLANG_WARN_OBJC_LITERAL_CONVERSION = YES;
				CLANG_WARN_OBJC_ROOT_CLASS = YES_ERROR;
				CLANG_WARN_QUOTED_INCLUDE_IN_FRAMEWORK_HEADER = YES;
				CLANG_WARN_RANGE_LOOP_ANALYSIS = YES;
				CLANG_WARN_STRICT_PROTOTYPES = YES;
				CLANG_WARN_SUSPICIOUS_MOVE = YES;
				CLANG_WARN_UNGUARDED_AVAILABILITY = YES_AGGRESSIVE;
				CLANG_WARN_UNREACHABLE_CODE = YES;
				CLANG_WARN__DUPLICATE_METHOD_MATCH = YES;
				COPY_PHASE_STRIP = NO;
				DEBUG_INFORMATION_FORMAT = dwarf;
				ENABLE_STRICT_OBJC_MSGSEND = YES;
				ENABLE_TESTABILITY = YES;
				ENABLE_USER_SCRIPT_SANDBOXING = YES;
				GCC_C_LANGUAGE_STANDARD = gnu17;
				GCC_DYNAMIC_NO_PIC = NO;
				GCC_NO_COMMON_BLOCKS = YES;
				GCC_OPTIMIZATION_LEVEL = 0;
				GCC_PREPROCESSOR_DEFINITIONS = (
					"DEBUG=1",
					"$(inherited)",
				);
				GCC_WARN_64_TO_32_BIT_CONVERSION = YES;
				GCC_WARN_ABOUT_RETURN_TYPE = YES_ERROR;
				GCC_WARN_UNDECLARED_SELECTOR = YES;
				GCC_WARN_UNINITIALIZED_AUTOS = YES_AGGRESSIVE;
				GCC_WARN_UNUSED_FUNCTION = YES;
				GCC_WARN_UNUSED_VARIABLE = YES;
				IPHONEOS_DEPLOYMENT_TARGET = 17.4;
				LOCALIZATION_PREFERS_STRING_CATALOGS = YES;
				MTL_ENABLE_DEBUG_INFO = INCLUDE_SOURCE;
				MTL_FAST_MATH = YES;
				ONLY_ACTIVE_ARCH = YES;
				SDKROOT = iphoneos;
				SWIFT_ACTIVE_COMPILATION_CONDITIONS = "DEBUG $(inherited)";
				SWIFT_OPTIMIZATION_LEVEL = "-Onone";
			};
			name = Debug;
		};
		4E8DD40A2BAAB603004277AB /* Release */ = {
			isa = XCBuildConfiguration;
			buildSettings = {
				ALWAYS_SEARCH_USER_PATHS = NO;
				ASSETCATALOG_COMPILER_GENERATE_SWIFT_ASSET_SYMBOL_EXTENSIONS = YES;
				CLANG_ANALYZER_NONNULL = YES;
				CLANG_ANALYZER_NUMBER_OBJECT_CONVERSION = YES_AGGRESSIVE;
				CLANG_CXX_LANGUAGE_STANDARD = "gnu++20";
				CLANG_ENABLE_MODULES = YES;
				CLANG_ENABLE_OBJC_ARC = YES;
				CLANG_ENABLE_OBJC_WEAK = YES;
				CLANG_WARN_BLOCK_CAPTURE_AUTORELEASING = YES;
				CLANG_WARN_BOOL_CONVERSION = YES;
				CLANG_WARN_COMMA = YES;
				CLANG_WARN_CONSTANT_CONVERSION = YES;
				CLANG_WARN_DEPRECATED_OBJC_IMPLEMENTATIONS = YES;
				CLANG_WARN_DIRECT_OBJC_ISA_USAGE = YES_ERROR;
				CLANG_WARN_DOCUMENTATION_COMMENTS = YES;
				CLANG_WARN_EMPTY_BODY = YES;
				CLANG_WARN_ENUM_CONVERSION = YES;
				CLANG_WARN_INFINITE_RECURSION = YES;
				CLANG_WARN_INT_CONVERSION = YES;
				CLANG_WARN_NON_LITERAL_NULL_CONVERSION = YES;
				CLANG_WARN_OBJC_IMPLICIT_RETAIN_SELF = YES;
				CLANG_WARN_OBJC_LITERAL_CONVERSION = YES;
				CLANG_WARN_OBJC_ROOT_CLASS = YES_ERROR;
				CLANG_WARN_QUOTED_INCLUDE_IN_FRAMEWORK_HEADER = YES;
				CLANG_WARN_RANGE_LOOP_ANALYSIS = YES;
				CLANG_WARN_STRICT_PROTOTYPES = YES;
				CLANG_WARN_SUSPICIOUS_MOVE = YES;
				CLANG_WARN_UNGUARDED_AVAILABILITY = YES_AGGRESSIVE;
				CLANG_WARN_UNREACHABLE_CODE = YES;
				CLANG_WARN__DUPLICATE_METHOD_MATCH = YES;
				COPY_PHASE_STRIP = NO;
				DEBUG_INFORMATION_FORMAT = "dwarf-with-dsym";
				ENABLE_NS_ASSERTIONS = NO;
				ENABLE_STRICT_OBJC_MSGSEND = YES;
				ENABLE_USER_SCRIPT_SANDBOXING = YES;
				GCC_C_LANGUAGE_STANDARD = gnu17;
				GCC_NO_COMMON_BLOCKS = YES;
				GCC_WARN_64_TO_32_BIT_CONVERSION = YES;
				GCC_WARN_ABOUT_RETURN_TYPE = YES_ERROR;
				GCC_WARN_UNDECLARED_SELECTOR = YES;
				GCC_WARN_UNINITIALIZED_AUTOS = YES_AGGRESSIVE;
				GCC_WARN_UNUSED_FUNCTION = YES;
				GCC_WARN_UNUSED_VARIABLE = YES;
				IPHONEOS_DEPLOYMENT_TARGET = 17.4;
				LOCALIZATION_PREFERS_STRING_CATALOGS = YES;
				MTL_ENABLE_DEBUG_INFO = NO;
				MTL_FAST_MATH = YES;
				SDKROOT = iphoneos;
				SWIFT_COMPILATION_MODE = wholemodule;
				VALIDATE_PRODUCT = YES;
			};
			name = Release;
		};
		4E8DD40C2BAAB603004277AB /* Debug */ = {
			isa = XCBuildConfiguration;
			buildSettings = {
				ASSETCATALOG_COMPILER_APPICON_NAME = AppIcon;
				ASSETCATALOG_COMPILER_GLOBAL_ACCENT_COLOR_NAME = AccentColor;
				CODE_SIGN_STYLE = Automatic;
				CURRENT_PROJECT_VERSION = 1;
				DEVELOPMENT_ASSET_PATHS = "\"FirstApp/Preview Content\"";
				ENABLE_PREVIEWS = YES;
				GENERATE_INFOPLIST_FILE = YES;
				INFOPLIST_KEY_UIApplicationSceneManifest_Generation = YES;
				INFOPLIST_KEY_UIApplicationSupportsIndirectInputEvents = YES;
				INFOPLIST_KEY_UILaunchScreen_Generation = YES;
				INFOPLIST_KEY_UISupportedInterfaceOrientations_iPad = "UIInterfaceOrientationPortrait UIInterfaceOrientationPortraitUpsideDown UIInterfaceOrientationLandscapeLeft UIInterfaceOrientationLandscapeRight";
				INFOPLIST_KEY_UISupportedInterfaceOrientations_iPhone = "UIInterfaceOrientationPortrait UIInterfaceOrientationLandscapeLeft UIInterfaceOrientationLandscapeRight";
				LD_RUNPATH_SEARCH_PATHS = (
					"$(inherited)",
					"@executable_path/Frameworks",
				);
				MARKETING_VERSION = 1.0;
				PRODUCT_BUNDLE_IDENTIFIER = hyunhee.FirstApp;
				PRODUCT_NAME = "$(TARGET_NAME)";
				SWIFT_EMIT_LOC_STRINGS = YES;
				SWIFT_VERSION = 5.0;
				TARGETED_DEVICE_FAMILY = "1,2";
			};
			name = Debug;
		};
		4E8DD40D2BAAB603004277AB /* Release */ = {
			isa = XCBuildConfiguration;
			buildSettings = {
				ASSETCATALOG_COMPILER_APPICON_NAME = AppIcon;
				ASSETCATALOG_COMPILER_GLOBAL_ACCENT_COLOR_NAME = AccentColor;
				CODE_SIGN_STYLE = Automatic;
				CURRENT_PROJECT_VERSION = 1;
				DEVELOPMENT_ASSET_PATHS = "\"FirstApp/Preview Content\"";
				ENABLE_PREVIEWS = YES;
				GENERATE_INFOPLIST_FILE = YES;
				INFOPLIST_KEY_UIApplicationSceneManifest_Generation = YES;
				INFOPLIST_KEY_UIApplicationSupportsIndirectInputEvents = YES;
				INFOPLIST_KEY_UILaunchScreen_Generation = YES;
				INFOPLIST_KEY_UISupportedInterfaceOrientations_iPad = "UIInterfaceOrientationPortrait UIInterfaceOrientationPortraitUpsideDown UIInterfaceOrientationLandscapeLeft UIInterfaceOrientationLandscapeRight";
				INFOPLIST_KEY_UISupportedInterfaceOrientations_iPhone = "UIInterfaceOrientationPortrait UIInterfaceOrientationLandscapeLeft UIInterfaceOrientationLandscapeRight";
				LD_RUNPATH_SEARCH_PATHS = (
					"$(inherited)",
					"@executable_path/Frameworks",
				);
				MARKETING_VERSION = 1.0;
				PRODUCT_BUNDLE_IDENTIFIER = hyunhee.FirstApp;
				PRODUCT_NAME = "$(TARGET_NAME)";
				SWIFT_EMIT_LOC_STRINGS = YES;
				SWIFT_VERSION = 5.0;
				TARGETED_DEVICE_FAMILY = "1,2";
			};
			name = Release;
		};
		4E8DD40F2BAAB603004277AB /* Debug */ = {
			isa = XCBuildConfiguration;
			buildSettings = {
				ALWAYS_EMBED_SWIFT_STANDARD_LIBRARIES = YES;
				BUNDLE_LOADER = "$(TEST_HOST)";
				CODE_SIGN_STYLE = Automatic;
				CURRENT_PROJECT_VERSION = 1;
				GENERATE_INFOPLIST_FILE = YES;
				IPHONEOS_DEPLOYMENT_TARGET = 17.4;
				MARKETING_VERSION = 1.0;
				PRODUCT_BUNDLE_IDENTIFIER = hyunhee.FirstAppTests;
				PRODUCT_NAME = "$(TARGET_NAME)";
				SWIFT_EMIT_LOC_STRINGS = NO;
				SWIFT_VERSION = 5.0;
				TARGETED_DEVICE_FAMILY = "1,2";
				TEST_HOST = "$(BUILT_PRODUCTS_DIR)/FirstApp.app/$(BUNDLE_EXECUTABLE_FOLDER_PATH)/FirstApp";
			};
			name = Debug;
		};
		4E8DD4102BAAB603004277AB /* Release */ = {
			isa = XCBuildConfiguration;
			buildSettings = {
				ALWAYS_EMBED_SWIFT_STANDARD_LIBRARIES = YES;
				BUNDLE_LOADER = "$(TEST_HOST)";
				CODE_SIGN_STYLE = Automatic;
				CURRENT_PROJECT_VERSION = 1;
				GENERATE_INFOPLIST_FILE = YES;
				IPHONEOS_DEPLOYMENT_TARGET = 17.4;
				MARKETING_VERSION = 1.0;
				PRODUCT_BUNDLE_IDENTIFIER = hyunhee.FirstAppTests;
				PRODUCT_NAME = "$(TARGET_NAME)";
				SWIFT_EMIT_LOC_STRINGS = NO;
				SWIFT_VERSION = 5.0;
				TARGETED_DEVICE_FAMILY = "1,2";
				TEST_HOST = "$(BUILT_PRODUCTS_DIR)/FirstApp.app/$(BUNDLE_EXECUTABLE_FOLDER_PATH)/FirstApp";
			};
			name = Release;
		};
		4E8DD4122BAAB603004277AB /* Debug */ = {
			isa = XCBuildConfiguration;
			buildSettings = {
				ALWAYS_EMBED_SWIFT_STANDARD_LIBRARIES = YES;
				CODE_SIGN_STYLE = Automatic;
				CURRENT_PROJECT_VERSION = 1;
				GENERATE_INFOPLIST_FILE = YES;
				MARKETING_VERSION = 1.0;
				PRODUCT_BUNDLE_IDENTIFIER = hyunhee.FirstAppUITests;
				PRODUCT_NAME = "$(TARGET_NAME)";
				SWIFT_EMIT_LOC_STRINGS = NO;
				SWIFT_VERSION = 5.0;
				TARGETED_DEVICE_FAMILY = "1,2";
				TEST_TARGET_NAME = FirstApp;
			};
			name = Debug;
		};
		4E8DD4132BAAB603004277AB /* Release */ = {
			isa = XCBuildConfiguration;
			buildSettings = {
				ALWAYS_EMBED_SWIFT_STANDARD_LIBRARIES = YES;
				CODE_SIGN_STYLE = Automatic;
				CURRENT_PROJECT_VERSION = 1;
				GENERATE_INFOPLIST_FILE = YES;
				MARKETING_VERSION = 1.0;
				PRODUCT_BUNDLE_IDENTIFIER = hyunhee.FirstAppUITests;
				PRODUCT_NAME = "$(TARGET_NAME)";
				SWIFT_EMIT_LOC_STRINGS = NO;
				SWIFT_VERSION = 5.0;
				TARGETED_DEVICE_FAMILY = "1,2";
				TEST_TARGET_NAME = FirstApp;
			};
			name = Release;
		};
/* End XCBuildConfiguration section */

/* Begin XCConfigurationList section */
		4E8DD3E22BAAB600004277AB /* Build configuration list for PBXProject "FirstApp" */ = {
			isa = XCConfigurationList;
			buildConfigurations = (
				4E8DD4092BAAB603004277AB /* Debug */,
				4E8DD40A2BAAB603004277AB /* Release */,
			);
			defaultConfigurationIsVisible = 0;
			defaultConfigurationName = Release;
		};
		4E8DD40B2BAAB603004277AB /* Build configuration list for PBXNativeTarget "FirstApp" */ = {
			isa = XCConfigurationList;
			buildConfigurations = (
				4E8DD40C2BAAB603004277AB /* Debug */,
				4E8DD40D2BAAB603004277AB /* Release */,
			);
			defaultConfigurationIsVisible = 0;
			defaultConfigurationName = Release;
		};
		4E8DD40E2BAAB603004277AB /* Build configuration list for PBXNativeTarget "FirstAppTests" */ = {
			isa = XCConfigurationList;
			buildConfigurations = (
				4E8DD40F2BAAB603004277AB /* Debug */,
				4E8DD4102BAAB603004277AB /* Release */,
			);
			defaultConfigurationIsVisible = 0;
			defaultConfigurationName = Release;
		};
		4E8DD4112BAAB603004277AB /* Build configuration list for PBXNativeTarget "FirstAppUITests" */ = {
			isa = XCConfigurationList;
			buildConfigurations = (
				4E8DD4122BAAB603004277AB /* Debug */,
				4E8DD4132BAAB603004277AB /* Release */,
			);
			defaultConfigurationIsVisible = 0;
			defaultConfigurationName = Release;
		};
/* End XCConfigurationList section */
	};
	rootObject = 4E8DD3DF2BAAB600004277AB /* Project object */;
}
