// !$*UTF8*$!
{
	archiveVersion = 1;
	classes = {
	};
	objectVersion = 56;
	objects = {

/* Begin PBXBuildFile section */
		4EE3F8352C003FD10085B7AC /* APITestApp.swift in Sources */ = {isa = PBXBuildFile; fileRef = 4EE3F8342C003FD10085B7AC /* APITestApp.swift */; };
		4EE3F8372C003FD10085B7AC /* ContentView.swift in Sources */ = {isa = PBXBuildFile; fileRef = 4EE3F8362C003FD10085B7AC /* ContentView.swift */; };
		4EE3F8392C003FD20085B7AC /* Assets.xcassets in Resources */ = {isa = PBXBuildFile; fileRef = 4EE3F8382C003FD20085B7AC /* Assets.xcassets */; };
		4EE3F83C2C003FD20085B7AC /* Preview Assets.xcassets in Resources */ = {isa = PBXBuildFile; fileRef = 4EE3F83B2C003FD20085B7AC /* Preview Assets.xcassets */; };
		4EE3F8462C003FD30085B7AC /* APITestTests.swift in Sources */ = {isa = PBXBuildFile; fileRef = 4EE3F8452C003FD30085B7AC /* APITestTests.swift */; };
		4EE3F8502C003FD30085B7AC /* APITestUITests.swift in Sources */ = {isa = PBXBuildFile; fileRef = 4EE3F84F2C003FD30085B7AC /* APITestUITests.swift */; };
		4EE3F8522C003FD30085B7AC /* APITestUITestsLaunchTests.swift in Sources */ = {isa = PBXBuildFile; fileRef = 4EE3F8512C003FD30085B7AC /* APITestUITestsLaunchTests.swift */; };
		4EE3F85F2C0040200085B7AC /* MyAPI.swift in Sources */ = {isa = PBXBuildFile; fileRef = 4EE3F85E2C0040200085B7AC /* MyAPI.swift */; };
		4EE3F8622C0043970085B7AC /* Alamofire in Frameworks */ = {isa = PBXBuildFile; productRef = 4EE3F8612C0043970085B7AC /* Alamofire */; };
		4EE3F8642C0043970085B7AC /* AlamofireDynamic in Frameworks */ = {isa = PBXBuildFile; productRef = 4EE3F8632C0043970085B7AC /* AlamofireDynamic */; };
/* End PBXBuildFile section */

/* Begin PBXContainerItemProxy section */
		4EE3F8422C003FD30085B7AC /* PBXContainerItemProxy */ = {
			isa = PBXContainerItemProxy;
			containerPortal = 4EE3F8292C003FD10085B7AC /* Project object */;
			proxyType = 1;
			remoteGlobalIDString = 4EE3F8302C003FD10085B7AC;
			remoteInfo = APITest;
		};
		4EE3F84C2C003FD30085B7AC /* PBXContainerItemProxy */ = {
			isa = PBXContainerItemProxy;
			containerPortal = 4EE3F8292C003FD10085B7AC /* Project object */;
			proxyType = 1;
			remoteGlobalIDString = 4EE3F8302C003FD10085B7AC;
			remoteInfo = APITest;
		};
/* End PBXContainerItemProxy section */

/* Begin PBXFileReference section */
		4EE3F8312C003FD10085B7AC /* APITest.app */ = {isa = PBXFileReference; explicitFileType = wrapper.application; includeInIndex = 0; path = APITest.app; sourceTree = BUILT_PRODUCTS_DIR; };
		4EE3F8342C003FD10085B7AC /* APITestApp.swift */ = {isa = PBXFileReference; lastKnownFileType = sourcecode.swift; path = APITestApp.swift; sourceTree = "<group>"; };
		4EE3F8362C003FD10085B7AC /* ContentView.swift */ = {isa = PBXFileReference; lastKnownFileType = sourcecode.swift; path = ContentView.swift; sourceTree = "<group>"; };
		4EE3F8382C003FD20085B7AC /* Assets.xcassets */ = {isa = PBXFileReference; lastKnownFileType = folder.assetcatalog; path = Assets.xcassets; sourceTree = "<group>"; };
		4EE3F83B2C003FD20085B7AC /* Preview Assets.xcassets */ = {isa = PBXFileReference; lastKnownFileType = folder.assetcatalog; path = "Preview Assets.xcassets"; sourceTree = "<group>"; };
		4EE3F8412C003FD30085B7AC /* APITestTests.xctest */ = {isa = PBXFileReference; explicitFileType = wrapper.cfbundle; includeInIndex = 0; path = APITestTests.xctest; sourceTree = BUILT_PRODUCTS_DIR; };
		4EE3F8452C003FD30085B7AC /* APITestTests.swift */ = {isa = PBXFileReference; lastKnownFileType = sourcecode.swift; path = APITestTests.swift; sourceTree = "<group>"; };
		4EE3F84B2C003FD30085B7AC /* APITestUITests.xctest */ = {isa = PBXFileReference; explicitFileType = wrapper.cfbundle; includeInIndex = 0; path = APITestUITests.xctest; sourceTree = BUILT_PRODUCTS_DIR; };
		4EE3F84F2C003FD30085B7AC /* APITestUITests.swift */ = {isa = PBXFileReference; lastKnownFileType = sourcecode.swift; path = APITestUITests.swift; sourceTree = "<group>"; };
		4EE3F8512C003FD30085B7AC /* APITestUITestsLaunchTests.swift */ = {isa = PBXFileReference; lastKnownFileType = sourcecode.swift; path = APITestUITestsLaunchTests.swift; sourceTree = "<group>"; };
		4EE3F85E2C0040200085B7AC /* MyAPI.swift */ = {isa = PBXFileReference; lastKnownFileType = sourcecode.swift; path = MyAPI.swift; sourceTree = "<group>"; };
/* End PBXFileReference section */

/* Begin PBXFrameworksBuildPhase section */
		4EE3F82E2C003FD10085B7AC /* Frameworks */ = {
			isa = PBXFrameworksBuildPhase;
			buildActionMask = 2147483647;
			files = (
				4EE3F8622C0043970085B7AC /* Alamofire in Frameworks */,
				4EE3F8642C0043970085B7AC /* AlamofireDynamic in Frameworks */,
			);
			runOnlyForDeploymentPostprocessing = 0;
		};
		4EE3F83E2C003FD30085B7AC /* Frameworks */ = {
			isa = PBXFrameworksBuildPhase;
			buildActionMask = 2147483647;
			files = (
			);
			runOnlyForDeploymentPostprocessing = 0;
		};
		4EE3F8482C003FD30085B7AC /* Frameworks */ = {
			isa = PBXFrameworksBuildPhase;
			buildActionMask = 2147483647;
			files = (
			);
			runOnlyForDeploymentPostprocessing = 0;
		};
/* End PBXFrameworksBuildPhase section */

/* Begin PBXGroup section */
		4EE3F8282C003FD10085B7AC = {
			isa = PBXGroup;
			children = (
				4EE3F8332C003FD10085B7AC /* APITest */,
				4EE3F8442C003FD30085B7AC /* APITestTests */,
				4EE3F84E2C003FD30085B7AC /* APITestUITests */,
				4EE3F8322C003FD10085B7AC /* Products */,
			);
			sourceTree = "<group>";
		};
		4EE3F8322C003FD10085B7AC /* Products */ = {
			isa = PBXGroup;
			children = (
				4EE3F8312C003FD10085B7AC /* APITest.app */,
				4EE3F8412C003FD30085B7AC /* APITestTests.xctest */,
				4EE3F84B2C003FD30085B7AC /* APITestUITests.xctest */,
			);
			name = Products;
			sourceTree = "<group>";
		};
		4EE3F8332C003FD10085B7AC /* APITest */ = {
			isa = PBXGroup;
			children = (
				4EE3F8342C003FD10085B7AC /* APITestApp.swift */,
				4EE3F8362C003FD10085B7AC /* ContentView.swift */,
				4EE3F85E2C0040200085B7AC /* MyAPI.swift */,
				4EE3F8382C003FD20085B7AC /* Assets.xcassets */,
				4EE3F83A2C003FD20085B7AC /* Preview Content */,
			);
			path = APITest;
			sourceTree = "<group>";
		};
		4EE3F83A2C003FD20085B7AC /* Preview Content */ = {
			isa = PBXGroup;
			children = (
				4EE3F83B2C003FD20085B7AC /* Preview Assets.xcassets */,
			);
			path = "Preview Content";
			sourceTree = "<group>";
		};
		4EE3F8442C003FD30085B7AC /* APITestTests */ = {
			isa = PBXGroup;
			children = (
				4EE3F8452C003FD30085B7AC /* APITestTests.swift */,
			);
			path = APITestTests;
			sourceTree = "<group>";
		};
		4EE3F84E2C003FD30085B7AC /* APITestUITests */ = {
			isa = PBXGroup;
			children = (
				4EE3F84F2C003FD30085B7AC /* APITestUITests.swift */,
				4EE3F8512C003FD30085B7AC /* APITestUITestsLaunchTests.swift */,
			);
			path = APITestUITests;
			sourceTree = "<group>";
		};
/* End PBXGroup section */

/* Begin PBXNativeTarget section */
		4EE3F8302C003FD10085B7AC /* APITest */ = {
			isa = PBXNativeTarget;
			buildConfigurationList = 4EE3F8552C003FD30085B7AC /* Build configuration list for PBXNativeTarget "APITest" */;
			buildPhases = (
				4EE3F82D2C003FD10085B7AC /* Sources */,
				4EE3F82E2C003FD10085B7AC /* Frameworks */,
				4EE3F82F2C003FD10085B7AC /* Resources */,
			);
			buildRules = (
			);
			dependencies = (
			);
			name = APITest;
			packageProductDependencies = (
				4EE3F8612C0043970085B7AC /* Alamofire */,
				4EE3F8632C0043970085B7AC /* AlamofireDynamic */,
			);
			productName = APITest;
			productReference = 4EE3F8312C003FD10085B7AC /* APITest.app */;
			productType = "com.apple.product-type.application";
		};
		4EE3F8402C003FD30085B7AC /* APITestTests */ = {
			isa = PBXNativeTarget;
			buildConfigurationList = 4EE3F8582C003FD30085B7AC /* Build configuration list for PBXNativeTarget "APITestTests" */;
			buildPhases = (
				4EE3F83D2C003FD30085B7AC /* Sources */,
				4EE3F83E2C003FD30085B7AC /* Frameworks */,
				4EE3F83F2C003FD30085B7AC /* Resources */,
			);
			buildRules = (
			);
			dependencies = (
				4EE3F8432C003FD30085B7AC /* PBXTargetDependency */,
			);
			name = APITestTests;
			productName = APITestTests;
			productReference = 4EE3F8412C003FD30085B7AC /* APITestTests.xctest */;
			productType = "com.apple.product-type.bundle.unit-test";
		};
		4EE3F84A2C003FD30085B7AC /* APITestUITests */ = {
			isa = PBXNativeTarget;
			buildConfigurationList = 4EE3F85B2C003FD30085B7AC /* Build configuration list for PBXNativeTarget "APITestUITests" */;
			buildPhases = (
				4EE3F8472C003FD30085B7AC /* Sources */,
				4EE3F8482C003FD30085B7AC /* Frameworks */,
				4EE3F8492C003FD30085B7AC /* Resources */,
			);
			buildRules = (
			);
			dependencies = (
				4EE3F84D2C003FD30085B7AC /* PBXTargetDependency */,
			);
			name = APITestUITests;
			productName = APITestUITests;
			productReference = 4EE3F84B2C003FD30085B7AC /* APITestUITests.xctest */;
			productType = "com.apple.product-type.bundle.ui-testing";
		};
/* End PBXNativeTarget section */

/* Begin PBXProject section */
		4EE3F8292C003FD10085B7AC /* Project object */ = {
			isa = PBXProject;
			attributes = {
				BuildIndependentTargetsInParallel = 1;
				LastSwiftUpdateCheck = 1530;
				LastUpgradeCheck = 1530;
				TargetAttributes = {
					4EE3F8302C003FD10085B7AC = {
						CreatedOnToolsVersion = 15.3;
					};
					4EE3F8402C003FD30085B7AC = {
						CreatedOnToolsVersion = 15.3;
						TestTargetID = 4EE3F8302C003FD10085B7AC;
					};
					4EE3F84A2C003FD30085B7AC = {
						CreatedOnToolsVersion = 15.3;
						TestTargetID = 4EE3F8302C003FD10085B7AC;
					};
				};
			};
			buildConfigurationList = 4EE3F82C2C003FD10085B7AC /* Build configuration list for PBXProject "APITest" */;
			compatibilityVersion = "Xcode 14.0";
			developmentRegion = en;
			hasScannedForEncodings = 0;
			knownRegions = (
				en,
				Base,
			);
			mainGroup = 4EE3F8282C003FD10085B7AC;
			packageReferences = (
				4EE3F8602C0043240085B7AC /* XCRemoteSwiftPackageReference "Alamofire" */,
			);
			productRefGroup = 4EE3F8322C003FD10085B7AC /* Products */;
			projectDirPath = "";
			projectRoot = "";
			targets = (
				4EE3F8302C003FD10085B7AC /* APITest */,
				4EE3F8402C003FD30085B7AC /* APITestTests */,
				4EE3F84A2C003FD30085B7AC /* APITestUITests */,
			);
		};
/* End PBXProject section */

/* Begin PBXResourcesBuildPhase section */
		4EE3F82F2C003FD10085B7AC /* Resources */ = {
			isa = PBXResourcesBuildPhase;
			buildActionMask = 2147483647;
			files = (
				4EE3F83C2C003FD20085B7AC /* Preview Assets.xcassets in Resources */,
				4EE3F8392C003FD20085B7AC /* Assets.xcassets in Resources */,
			);
			runOnlyForDeploymentPostprocessing = 0;
		};
		4EE3F83F2C003FD30085B7AC /* Resources */ = {
			isa = PBXResourcesBuildPhase;
			buildActionMask = 2147483647;
			files = (
			);
			runOnlyForDeploymentPostprocessing = 0;
		};
		4EE3F8492C003FD30085B7AC /* Resources */ = {
			isa = PBXResourcesBuildPhase;
			buildActionMask = 2147483647;
			files = (
			);
			runOnlyForDeploymentPostprocessing = 0;
		};
/* End PBXResourcesBuildPhase section */

/* Begin PBXSourcesBuildPhase section */
		4EE3F82D2C003FD10085B7AC /* Sources */ = {
			isa = PBXSourcesBuildPhase;
			buildActionMask = 2147483647;
			files = (
				4EE3F8372C003FD10085B7AC /* ContentView.swift in Sources */,
				4EE3F8352C003FD10085B7AC /* APITestApp.swift in Sources */,
				4EE3F85F2C0040200085B7AC /* MyAPI.swift in Sources */,
			);
			runOnlyForDeploymentPostprocessing = 0;
		};
		4EE3F83D2C003FD30085B7AC /* Sources */ = {
			isa = PBXSourcesBuildPhase;
			buildActionMask = 2147483647;
			files = (
				4EE3F8462C003FD30085B7AC /* APITestTests.swift in Sources */,
			);
			runOnlyForDeploymentPostprocessing = 0;
		};
		4EE3F8472C003FD30085B7AC /* Sources */ = {
			isa = PBXSourcesBuildPhase;
			buildActionMask = 2147483647;
			files = (
				4EE3F8502C003FD30085B7AC /* APITestUITests.swift in Sources */,
				4EE3F8522C003FD30085B7AC /* APITestUITestsLaunchTests.swift in Sources */,
			);
			runOnlyForDeploymentPostprocessing = 0;
		};
/* End PBXSourcesBuildPhase section */

/* Begin PBXTargetDependency section */
		4EE3F8432C003FD30085B7AC /* PBXTargetDependency */ = {
			isa = PBXTargetDependency;
			target = 4EE3F8302C003FD10085B7AC /* APITest */;
			targetProxy = 4EE3F8422C003FD30085B7AC /* PBXContainerItemProxy */;
		};
		4EE3F84D2C003FD30085B7AC /* PBXTargetDependency */ = {
			isa = PBXTargetDependency;
			target = 4EE3F8302C003FD10085B7AC /* APITest */;
			targetProxy = 4EE3F84C2C003FD30085B7AC /* PBXContainerItemProxy */;
		};
/* End PBXTargetDependency section */

/* Begin XCBuildConfiguration section */
		4EE3F8532C003FD30085B7AC /* Debug */ = {
			isa = XCBuildConfiguration;
			buildSettings = {
				ALWAYS_SEARCH_USER_PATHS = NO;
				ASSETCATALOG_COMPILER_GENERATE_SWIFT_ASSET_SYMBOL_EXTENSIONS = YES;
				CLANG_ANALYZER_NONNULL = YES;
				CLANG_ANALYZER_NUMBER_OBJECT_CONVERSION = YES_AGGRESSIVE;
				CLANG_CXX_LANGUAGE_STANDARD = "gnu++20";
				CLANG_ENABLE_MODULES = YES;
				CLANG_ENABLE_OBJC_ARC = YES;
				CLANG_ENABLE_OBJC_WEAK = YES;
				CLANG_WARN_BLOCK_CAPTURE_AUTORELEASING = YES;
				CLANG_WARN_BOOL_CONVERSION = YES;
				CLANG_WARN_COMMA = YES;
				CLANG_WARN_CONSTANT_CONVERSION = YES;
				CLANG_WARN_DEPRECATED_OBJC_IMPLEMENTATIONS = YES;
				CLANG_WARN_DIRECT_OBJC_ISA_USAGE = YES_ERROR;
				CLANG_WARN_DOCUMENTATION_COMMENTS = YES;
				CLANG_WARN_EMPTY_BODY = YES;
				CLANG_WARN_ENUM_CONVERSION = YES;
				CLANG_WARN_INFINITE_RECURSION = YES;
				CLANG_WARN_INT_CONVERSION = YES;
				CLANG_WARN_NON_LITERAL_NULL_CONVERSION = YES;
				CLANG_WARN_OBJC_IMPLICIT_RETAIN_SELF = YES;
				CLANG_WARN_OBJC_LITERAL_CONVERSION = YES;
				CLANG_WARN_OBJC_ROOT_CLASS = YES_ERROR;
				CLANG_WARN_QUOTED_INCLUDE_IN_FRAMEWORK_HEADER = YES;
				CLANG_WARN_RANGE_LOOP_ANALYSIS = YES;
				CLANG_WARN_STRICT_PROTOTYPES = YES;
				CLANG_WARN_SUSPICIOUS_MOVE = YES;
				CLANG_WARN_UNGUARDED_AVAILABILITY = YES_AGGRESSIVE;
				CLANG_WARN_UNREACHABLE_CODE = YES;
				CLANG_WARN__DUPLICATE_METHOD_MATCH = YES;
				COPY_PHASE_STRIP = NO;
				DEBUG_INFORMATION_FORMAT = dwarf;
				ENABLE_STRICT_OBJC_MSGSEND = YES;
				ENABLE_TESTABILITY = YES;
				ENABLE_USER_SCRIPT_SANDBOXING = YES;
				GCC_C_LANGUAGE_STANDARD = gnu17;
				GCC_DYNAMIC_NO_PIC = NO;
				GCC_NO_COMMON_BLOCKS = YES;
				GCC_OPTIMIZATION_LEVEL = 0;
				GCC_PREPROCESSOR_DEFINITIONS = (
					"DEBUG=1",
					"$(inherited)",
				);
				GCC_WARN_64_TO_32_BIT_CONVERSION = YES;
				GCC_WARN_ABOUT_RETURN_TYPE = YES_ERROR;
				GCC_WARN_UNDECLARED_SELECTOR = YES;
				GCC_WARN_UNINITIALIZED_AUTOS = YES_AGGRESSIVE;
				GCC_WARN_UNUSED_FUNCTION = YES;
				GCC_WARN_UNUSED_VARIABLE = YES;
				IPHONEOS_DEPLOYMENT_TARGET = 17.4;
				LOCALIZATION_PREFERS_STRING_CATALOGS = YES;
				MTL_ENABLE_DEBUG_INFO = INCLUDE_SOURCE;
				MTL_FAST_MATH = YES;
				ONLY_ACTIVE_ARCH = YES;
				SDKROOT = iphoneos;
				SWIFT_ACTIVE_COMPILATION_CONDITIONS = "DEBUG $(inherited)";
				SWIFT_OPTIMIZATION_LEVEL = "-Onone";
			};
			name = Debug;
		};
		4EE3F8542C003FD30085B7AC /* Release */ = {
			isa = XCBuildConfiguration;
			buildSettings = {
				ALWAYS_SEARCH_USER_PATHS = NO;
				ASSETCATALOG_COMPILER_GENERATE_SWIFT_ASSET_SYMBOL_EXTENSIONS = YES;
				CLANG_ANALYZER_NONNULL = YES;
				CLANG_ANALYZER_NUMBER_OBJECT_CONVERSION = YES_AGGRESSIVE;
				CLANG_CXX_LANGUAGE_STANDARD = "gnu++20";
				CLANG_ENABLE_MODULES = YES;
				CLANG_ENABLE_OBJC_ARC = YES;
				CLANG_ENABLE_OBJC_WEAK = YES;
				CLANG_WARN_BLOCK_CAPTURE_AUTORELEASING = YES;
				CLANG_WARN_BOOL_CONVERSION = YES;
				CLANG_WARN_COMMA = YES;
				CLANG_WARN_CONSTANT_CONVERSION = YES;
				CLANG_WARN_DEPRECATED_OBJC_IMPLEMENTATIONS = YES;
				CLANG_WARN_DIRECT_OBJC_ISA_USAGE = YES_ERROR;
				CLANG_WARN_DOCUMENTATION_COMMENTS = YES;
				CLANG_WARN_EMPTY_BODY = YES;
				CLANG_WARN_ENUM_CONVERSION = YES;
				CLANG_WARN_INFINITE_RECURSION = YES;
				CLANG_WARN_INT_CONVERSION = YES;
				CLANG_WARN_NON_LITERAL_NULL_CONVERSION = YES;
				CLANG_WARN_OBJC_IMPLICIT_RETAIN_SELF = YES;
				CLANG_WARN_OBJC_LITERAL_CONVERSION = YES;
				CLANG_WARN_OBJC_ROOT_CLASS = YES_ERROR;
				CLANG_WARN_QUOTED_INCLUDE_IN_FRAMEWORK_HEADER = YES;
				CLANG_WARN_RANGE_LOOP_ANALYSIS = YES;
				CLANG_WARN_STRICT_PROTOTYPES = YES;
				CLANG_WARN_SUSPICIOUS_MOVE = YES;
				CLANG_WARN_UNGUARDED_AVAILABILITY = YES_AGGRESSIVE;
				CLANG_WARN_UNREACHABLE_CODE = YES;
				CLANG_WARN__DUPLICATE_METHOD_MATCH = YES;
				COPY_PHASE_STRIP = NO;
				DEBUG_INFORMATION_FORMAT = "dwarf-with-dsym";
				ENABLE_NS_ASSERTIONS = NO;
				ENABLE_STRICT_OBJC_MSGSEND = YES;
				ENABLE_USER_SCRIPT_SANDBOXING = YES;
				GCC_C_LANGUAGE_STANDARD = gnu17;
				GCC_NO_COMMON_BLOCKS = YES;
				GCC_WARN_64_TO_32_BIT_CONVERSION = YES;
				GCC_WARN_ABOUT_RETURN_TYPE = YES_ERROR;
				GCC_WARN_UNDECLARED_SELECTOR = YES;
				GCC_WARN_UNINITIALIZED_AUTOS = YES_AGGRESSIVE;
				GCC_WARN_UNUSED_FUNCTION = YES;
				GCC_WARN_UNUSED_VARIABLE = YES;
				IPHONEOS_DEPLOYMENT_TARGET = 17.4;
				LOCALIZATION_PREFERS_STRING_CATALOGS = YES;
				MTL_ENABLE_DEBUG_INFO = NO;
				MTL_FAST_MATH = YES;
				SDKROOT = iphoneos;
				SWIFT_COMPILATION_MODE = wholemodule;
				VALIDATE_PRODUCT = YES;
			};
			name = Release;
		};
		4EE3F8562C003FD30085B7AC /* Debug */ = {
			isa = XCBuildConfiguration;
			buildSettings = {
				ASSETCATALOG_COMPILER_APPICON_NAME = AppIcon;
				ASSETCATALOG_COMPILER_GLOBAL_ACCENT_COLOR_NAME = AccentColor;
				CODE_SIGN_STYLE = Automatic;
				CURRENT_PROJECT_VERSION = 1;
				DEVELOPMENT_ASSET_PATHS = "\"APITest/Preview Content\"";
				ENABLE_PREVIEWS = YES;
				GENERATE_INFOPLIST_FILE = YES;
				INFOPLIST_KEY_UIApplicationSceneManifest_Generation = YES;
				INFOPLIST_KEY_UIApplicationSupportsIndirectInputEvents = YES;
				INFOPLIST_KEY_UILaunchScreen_Generation = YES;
				INFOPLIST_KEY_UISupportedInterfaceOrientations_iPad = "UIInterfaceOrientationPortrait UIInterfaceOrientationPortraitUpsideDown UIInterfaceOrientationLandscapeLeft UIInterfaceOrientationLandscapeRight";
				INFOPLIST_KEY_UISupportedInterfaceOrientations_iPhone = "UIInterfaceOrientationPortrait UIInterfaceOrientationLandscapeLeft UIInterfaceOrientationLandscapeRight";
				LD_RUNPATH_SEARCH_PATHS = (
					"$(inherited)",
					"@executable_path/Frameworks",
				);
				MARKETING_VERSION = 1.0;
				PRODUCT_BUNDLE_IDENTIFIER = hyunhee.APITest;
				PRODUCT_NAME = "$(TARGET_NAME)";
				SWIFT_EMIT_LOC_STRINGS = YES;
				SWIFT_VERSION = 5.0;
				TARGETED_DEVICE_FAMILY = "1,2";
			};
			name = Debug;
		};
		4EE3F8572C003FD30085B7AC /* Release */ = {
			isa = XCBuildConfiguration;
			buildSettings = {
				ASSETCATALOG_COMPILER_APPICON_NAME = AppIcon;
				ASSETCATALOG_COMPILER_GLOBAL_ACCENT_COLOR_NAME = AccentColor;
				CODE_SIGN_STYLE = Automatic;
				CURRENT_PROJECT_VERSION = 1;
				DEVELOPMENT_ASSET_PATHS = "\"APITest/Preview Content\"";
				ENABLE_PREVIEWS = YES;
				GENERATE_INFOPLIST_FILE = YES;
				INFOPLIST_KEY_UIApplicationSceneManifest_Generation = YES;
				INFOPLIST_KEY_UIApplicationSupportsIndirectInputEvents = YES;
				INFOPLIST_KEY_UILaunchScreen_Generation = YES;
				INFOPLIST_KEY_UISupportedInterfaceOrientations_iPad = "UIInterfaceOrientationPortrait UIInterfaceOrientationPortraitUpsideDown UIInterfaceOrientationLandscapeLeft UIInterfaceOrientationLandscapeRight";
				INFOPLIST_KEY_UISupportedInterfaceOrientations_iPhone = "UIInterfaceOrientationPortrait UIInterfaceOrientationLandscapeLeft UIInterfaceOrientationLandscapeRight";
				LD_RUNPATH_SEARCH_PATHS = (
					"$(inherited)",
					"@executable_path/Frameworks",
				);
				MARKETING_VERSION = 1.0;
				PRODUCT_BUNDLE_IDENTIFIER = hyunhee.APITest;
				PRODUCT_NAME = "$(TARGET_NAME)";
				SWIFT_EMIT_LOC_STRINGS = YES;
				SWIFT_VERSION = 5.0;
				TARGETED_DEVICE_FAMILY = "1,2";
			};
			name = Release;
		};
		4EE3F8592C003FD30085B7AC /* Debug */ = {
			isa = XCBuildConfiguration;
			buildSettings = {
				ALWAYS_EMBED_SWIFT_STANDARD_LIBRARIES = YES;
				BUNDLE_LOADER = "$(TEST_HOST)";
				CODE_SIGN_STYLE = Automatic;
				CURRENT_PROJECT_VERSION = 1;
				GENERATE_INFOPLIST_FILE = YES;
				IPHONEOS_DEPLOYMENT_TARGET = 17.4;
				MARKETING_VERSION = 1.0;
				PRODUCT_BUNDLE_IDENTIFIER = hyunhee.APITestTests;
				PRODUCT_NAME = "$(TARGET_NAME)";
				SWIFT_EMIT_LOC_STRINGS = NO;
				SWIFT_VERSION = 5.0;
				TARGETED_DEVICE_FAMILY = "1,2";
				TEST_HOST = "$(BUILT_PRODUCTS_DIR)/APITest.app/$(BUNDLE_EXECUTABLE_FOLDER_PATH)/APITest";
			};
			name = Debug;
		};
		4EE3F85A2C003FD30085B7AC /* Release */ = {
			isa = XCBuildConfiguration;
			buildSettings = {
				ALWAYS_EMBED_SWIFT_STANDARD_LIBRARIES = YES;
				BUNDLE_LOADER = "$(TEST_HOST)";
				CODE_SIGN_STYLE = Automatic;
				CURRENT_PROJECT_VERSION = 1;
				GENERATE_INFOPLIST_FILE = YES;
				IPHONEOS_DEPLOYMENT_TARGET = 17.4;
				MARKETING_VERSION = 1.0;
				PRODUCT_BUNDLE_IDENTIFIER = hyunhee.APITestTests;
				PRODUCT_NAME = "$(TARGET_NAME)";
				SWIFT_EMIT_LOC_STRINGS = NO;
				SWIFT_VERSION = 5.0;
				TARGETED_DEVICE_FAMILY = "1,2";
				TEST_HOST = "$(BUILT_PRODUCTS_DIR)/APITest.app/$(BUNDLE_EXECUTABLE_FOLDER_PATH)/APITest";
			};
			name = Release;
		};
		4EE3F85C2C003FD30085B7AC /* Debug */ = {
			isa = XCBuildConfiguration;
			buildSettings = {
				ALWAYS_EMBED_SWIFT_STANDARD_LIBRARIES = YES;
				CODE_SIGN_STYLE = Automatic;
				CURRENT_PROJECT_VERSION = 1;
				GENERATE_INFOPLIST_FILE = YES;
				MARKETING_VERSION = 1.0;
				PRODUCT_BUNDLE_IDENTIFIER = hyunhee.APITestUITests;
				PRODUCT_NAME = "$(TARGET_NAME)";
				SWIFT_EMIT_LOC_STRINGS = NO;
				SWIFT_VERSION = 5.0;
				TARGETED_DEVICE_FAMILY = "1,2";
				TEST_TARGET_NAME = APITest;
			};
			name = Debug;
		};
		4EE3F85D2C003FD30085B7AC /* Release */ = {
			isa = XCBuildConfiguration;
			buildSettings = {
				ALWAYS_EMBED_SWIFT_STANDARD_LIBRARIES = YES;
				CODE_SIGN_STYLE = Automatic;
				CURRENT_PROJECT_VERSION = 1;
				GENERATE_INFOPLIST_FILE = YES;
				MARKETING_VERSION = 1.0;
				PRODUCT_BUNDLE_IDENTIFIER = hyunhee.APITestUITests;
				PRODUCT_NAME = "$(TARGET_NAME)";
				SWIFT_EMIT_LOC_STRINGS = NO;
				SWIFT_VERSION = 5.0;
				TARGETED_DEVICE_FAMILY = "1,2";
				TEST_TARGET_NAME = APITest;
			};
			name = Release;
		};
/* End XCBuildConfiguration section */

/* Begin XCConfigurationList section */
		4EE3F82C2C003FD10085B7AC /* Build configuration list for PBXProject "APITest" */ = {
			isa = XCConfigurationList;
			buildConfigurations = (
				4EE3F8532C003FD30085B7AC /* Debug */,
				4EE3F8542C003FD30085B7AC /* Release */,
			);
			defaultConfigurationIsVisible = 0;
			defaultConfigurationName = Release;
		};
		4EE3F8552C003FD30085B7AC /* Build configuration list for PBXNativeTarget "APITest" */ = {
			isa = XCConfigurationList;
			buildConfigurations = (
				4EE3F8562C003FD30085B7AC /* Debug */,
				4EE3F8572C003FD30085B7AC /* Release */,
			);
			defaultConfigurationIsVisible = 0;
			defaultConfigurationName = Release;
		};
		4EE3F8582C003FD30085B7AC /* Build configuration list for PBXNativeTarget "APITestTests" */ = {
			isa = XCConfigurationList;
			buildConfigurations = (
				4EE3F8592C003FD30085B7AC /* Debug */,
				4EE3F85A2C003FD30085B7AC /* Release */,
			);
			defaultConfigurationIsVisible = 0;
			defaultConfigurationName = Release;
		};
		4EE3F85B2C003FD30085B7AC /* Build configuration list for PBXNativeTarget "APITestUITests" */ = {
			isa = XCConfigurationList;
			buildConfigurations = (
				4EE3F85C2C003FD30085B7AC /* Debug */,
				4EE3F85D2C003FD30085B7AC /* Release */,
			);
			defaultConfigurationIsVisible = 0;
			defaultConfigurationName = Release;
		};
/* End XCConfigurationList section */

/* Begin XCRemoteSwiftPackageReference section */
		4EE3F8602C0043240085B7AC /* XCRemoteSwiftPackageReference "Alamofire" */ = {
			isa = XCRemoteSwiftPackageReference;
			repositoryURL = "https://github.com/Alamofire/Alamofire";
			requirement = {
				kind = upToNextMajorVersion;
				minimumVersion = 5.9.1;
			};
		};
/* End XCRemoteSwiftPackageReference section */

/* Begin XCSwiftPackageProductDependency section */
		4EE3F8612C0043970085B7AC /* Alamofire */ = {
			isa = XCSwiftPackageProductDependency;
			package = 4EE3F8602C0043240085B7AC /* XCRemoteSwiftPackageReference "Alamofire" */;
			productName = Alamofire;
		};
		4EE3F8632C0043970085B7AC /* AlamofireDynamic */ = {
			isa = XCSwiftPackageProductDependency;
			package = 4EE3F8602C0043240085B7AC /* XCRemoteSwiftPackageReference "Alamofire" */;
			productName = AlamofireDynamic;
		};
/* End XCSwiftPackageProductDependency section */
	};
	rootObject = 4EE3F8292C003FD10085B7AC /* Project object */;
}
